// !$*UTF8*$!
{
	archiveVersion = 1;
	classes = {
	};
	objectVersion = 46;
	objects = {

/* Begin PBXBuildFile section */
		659255E1D99B94909AF3E5D8 /* libPods.a in Frameworks */ = {isa = PBXBuildFile; fileRef = 142601B8B83AA6C69F6E5D0D /* libPods.a */; };
		AC1514971C21011E0067DF79 /* main.m in Sources */ = {isa = PBXBuildFile; fileRef = AC1514961C21011E0067DF79 /* main.m */; };
		AC15149A1C21011E0067DF79 /* AppDelegate.m in Sources */ = {isa = PBXBuildFile; fileRef = AC1514991C21011E0067DF79 /* AppDelegate.m */; };
		AC15149D1C21011E0067DF79 /* ViewController.m in Sources */ = {isa = PBXBuildFile; fileRef = AC15149C1C21011E0067DF79 /* ViewController.m */; };
		AC1514A01C21011E0067DF79 /* Main.storyboard in Resources */ = {isa = PBXBuildFile; fileRef = AC15149E1C21011E0067DF79 /* Main.storyboard */; };
		AC1514A21C21011E0067DF79 /* Assets.xcassets in Resources */ = {isa = PBXBuildFile; fileRef = AC1514A11C21011E0067DF79 /* Assets.xcassets */; };
		AC1514A51C21011E0067DF79 /* LaunchScreen.storyboard in Resources */ = {isa = PBXBuildFile; fileRef = AC1514A31C21011E0067DF79 /* LaunchScreen.storyboard */; };
		AC1514B01C21011E0067DF79 /* GridCollectionViewTests.m in Sources */ = {isa = PBXBuildFile; fileRef = AC1514AF1C21011E0067DF79 /* GridCollectionViewTests.m */; };
		AC1514BB1C21011E0067DF79 /* GridCollectionViewUITests.m in Sources */ = {isa = PBXBuildFile; fileRef = AC1514BA1C21011E0067DF79 /* GridCollectionViewUITests.m */; };
		AC1514CF1C2101F00067DF79 /* FLKPhoto.m in Sources */ = {isa = PBXBuildFile; fileRef = AC1514CA1C2101F00067DF79 /* FLKPhoto.m */; };
		AC1514D01C2101F00067DF79 /* FLKPhotos.m in Sources */ = {isa = PBXBuildFile; fileRef = AC1514CC1C2101F00067DF79 /* FLKPhotos.m */; };
		AC1514D11C2101F00067DF79 /* FLKRecentPhotos.m in Sources */ = {isa = PBXBuildFile; fileRef = AC1514CE1C2101F00067DF79 /* FLKRecentPhotos.m */; };
		AC70BB6C1C2282730083242D /* EKOriginImage.m in Sources */ = {isa = PBXBuildFile; fileRef = AC70BB671C2282730083242D /* EKOriginImage.m */; };
		AC70BB6D1C2282730083242D /* EKRecentModel.m in Sources */ = {isa = PBXBuildFile; fileRef = AC70BB691C2282730083242D /* EKRecentModel.m */; };
		AC70BB6E1C2282730083242D /* EKThumbnailImage.m in Sources */ = {isa = PBXBuildFile; fileRef = AC70BB6B1C2282730083242D /* EKThumbnailImage.m */; };
		ACC568AD1C21295400EF6D8A /* ProgressHUD.bundle in Resources */ = {isa = PBXBuildFile; fileRef = ACC568881C21295400EF6D8A /* ProgressHUD.bundle */; };
		ACC568AE1C21295400EF6D8A /* ProgressHUD.m in Sources */ = {isa = PBXBuildFile; fileRef = ACC5688A1C21295400EF6D8A /* ProgressHUD.m */; };
		ACC568AF1C21295400EF6D8A /* YHCustomActivity.m in Sources */ = {isa = PBXBuildFile; fileRef = ACC5688D1C21295400EF6D8A /* YHCustomActivity.m */; };
		ACC568B01C21295400EF6D8A /* YHFacebookActivity.m in Sources */ = {isa = PBXBuildFile; fileRef = ACC568911C21295400EF6D8A /* YHFacebookActivity.m */; };
		ACC568B11C21295400EF6D8A /* YHGoogleLoginViewController.m in Sources */ = {isa = PBXBuildFile; fileRef = ACC568941C21295400EF6D8A /* YHGoogleLoginViewController.m */; };
		ACC568B21C21295400EF6D8A /* YHGoogleLoginViewController.xib in Resources */ = {isa = PBXBuildFile; fileRef = ACC568951C21295400EF6D8A /* YHGoogleLoginViewController.xib */; };
		ACC568B31C21295400EF6D8A /* YHGooglePlusActivity.m in Sources */ = {isa = PBXBuildFile; fileRef = ACC568971C21295400EF6D8A /* YHGooglePlusActivity.m */; };
		ACC568B41C21295400EF6D8A /* YHModel.m in Sources */ = {isa = PBXBuildFile; fileRef = ACC5689A1C21295400EF6D8A /* YHModel.m */; };
		ACC568B51C21295400EF6D8A /* YHNetwork.m in Sources */ = {isa = PBXBuildFile; fileRef = ACC5689C1C21295400EF6D8A /* YHNetwork.m */; };
		ACC568B61C21295400EF6D8A /* YHPushModel.m in Sources */ = {isa = PBXBuildFile; fileRef = ACC5689E1C21295400EF6D8A /* YHPushModel.m */; };
		ACC568B71C21295400EF6D8A /* YHSnsModel.m in Sources */ = {isa = PBXBuildFile; fileRef = ACC568A01C21295400EF6D8A /* YHSnsModel.m */; };
		ACC568B81C21295400EF6D8A /* YHTableViewCell.m in Sources */ = {isa = PBXBuildFile; fileRef = ACC568A21C21295400EF6D8A /* YHTableViewCell.m */; };
		ACC568B91C21295400EF6D8A /* YHTools.m in Sources */ = {isa = PBXBuildFile; fileRef = ACC568A41C21295400EF6D8A /* YHTools.m */; };
		ACC568BA1C21295400EF6D8A /* YHTwitterActivity.m in Sources */ = {isa = PBXBuildFile; fileRef = ACC568A61C21295400EF6D8A /* YHTwitterActivity.m */; };
		ACC568BB1C21295400EF6D8A /* YHVariableObject.m in Sources */ = {isa = PBXBuildFile; fileRef = ACC568A81C21295400EF6D8A /* YHVariableObject.m */; };
		ACC568BC1C21295400EF6D8A /* YHView.m in Sources */ = {isa = PBXBuildFile; fileRef = ACC568AA1C21295400EF6D8A /* YHView.m */; };
		ACC568BD1C21295400EF6D8A /* YHViewController.m in Sources */ = {isa = PBXBuildFile; fileRef = ACC568AC1C21295400EF6D8A /* YHViewController.m */; };
		ACC568C11C21481400EF6D8A /* GridCollectionViewController.m in Sources */ = {isa = PBXBuildFile; fileRef = ACC568C01C21481400EF6D8A /* GridCollectionViewController.m */; };
		D80952971C43AFA600FA43BB /* NewGridViewController.m in Sources */ = {isa = PBXBuildFile; fileRef = D80952961C43AFA600FA43BB /* NewGridViewController.m */; };
/* End PBXBuildFile section */

/* Begin PBXContainerItemProxy section */
		AC1514AC1C21011E0067DF79 /* PBXContainerItemProxy */ = {
			isa = PBXContainerItemProxy;
			containerPortal = AC15148A1C21011E0067DF79 /* Project object */;
			proxyType = 1;
			remoteGlobalIDString = AC1514911C21011E0067DF79;
			remoteInfo = GridCollectionView;
		};
		AC1514B71C21011E0067DF79 /* PBXContainerItemProxy */ = {
			isa = PBXContainerItemProxy;
			containerPortal = AC15148A1C21011E0067DF79 /* Project object */;
			proxyType = 1;
			remoteGlobalIDString = AC1514911C21011E0067DF79;
			remoteInfo = GridCollectionView;
		};
/* End PBXContainerItemProxy section */

/* Begin PBXFileReference section */
		142601B8B83AA6C69F6E5D0D /* libPods.a */ = {isa = PBXFileReference; explicitFileType = archive.ar; includeInIndex = 0; path = libPods.a; sourceTree = BUILT_PRODUCTS_DIR; };
		68E7CCEDECF5FBE85E32A985 /* Pods.debug.xcconfig */ = {isa = PBXFileReference; includeInIndex = 1; lastKnownFileType = text.xcconfig; name = Pods.debug.xcconfig; path = "Pods/Target Support Files/Pods/Pods.debug.xcconfig"; sourceTree = "<group>"; };
		A82A2D396C88CE987314C1A7 /* Pods.release.xcconfig */ = {isa = PBXFileReference; includeInIndex = 1; lastKnownFileType = text.xcconfig; name = Pods.release.xcconfig; path = "Pods/Target Support Files/Pods/Pods.release.xcconfig"; sourceTree = "<group>"; };
		AC1514921C21011E0067DF79 /* GridCollectionView.app */ = {isa = PBXFileReference; explicitFileType = wrapper.application; includeInIndex = 0; path = GridCollectionView.app; sourceTree = BUILT_PRODUCTS_DIR; };
		AC1514961C21011E0067DF79 /* main.m */ = {isa = PBXFileReference; lastKnownFileType = sourcecode.c.objc; path = main.m; sourceTree = "<group>"; };
		AC1514981C21011E0067DF79 /* AppDelegate.h */ = {isa = PBXFileReference; lastKnownFileType = sourcecode.c.h; path = AppDelegate.h; sourceTree = "<group>"; };
		AC1514991C21011E0067DF79 /* AppDelegate.m */ = {isa = PBXFileReference; lastKnownFileType = sourcecode.c.objc; path = AppDelegate.m; sourceTree = "<group>"; };
		AC15149B1C21011E0067DF79 /* ViewController.h */ = {isa = PBXFileReference; lastKnownFileType = sourcecode.c.h; path = ViewController.h; sourceTree = "<group>"; };
		AC15149C1C21011E0067DF79 /* ViewController.m */ = {isa = PBXFileReference; lastKnownFileType = sourcecode.c.objc; path = ViewController.m; sourceTree = "<group>"; };
		AC15149F1C21011E0067DF79 /* Base */ = {isa = PBXFileReference; lastKnownFileType = file.storyboard; name = Base; path = Base.lproj/Main.storyboard; sourceTree = "<group>"; };
		AC1514A11C21011E0067DF79 /* Assets.xcassets */ = {isa = PBXFileReference; lastKnownFileType = folder.assetcatalog; path = Assets.xcassets; sourceTree = "<group>"; };
		AC1514A41C21011E0067DF79 /* Base */ = {isa = PBXFileReference; lastKnownFileType = file.storyboard; name = Base; path = Base.lproj/LaunchScreen.storyboard; sourceTree = "<group>"; };
		AC1514A61C21011E0067DF79 /* Info.plist */ = {isa = PBXFileReference; lastKnownFileType = text.plist.xml; path = Info.plist; sourceTree = "<group>"; };
		AC1514AB1C21011E0067DF79 /* GridCollectionViewTests.xctest */ = {isa = PBXFileReference; explicitFileType = wrapper.cfbundle; includeInIndex = 0; path = GridCollectionViewTests.xctest; sourceTree = BUILT_PRODUCTS_DIR; };
		AC1514AF1C21011E0067DF79 /* GridCollectionViewTests.m */ = {isa = PBXFileReference; lastKnownFileType = sourcecode.c.objc; path = GridCollectionViewTests.m; sourceTree = "<group>"; };
		AC1514B11C21011E0067DF79 /* Info.plist */ = {isa = PBXFileReference; lastKnownFileType = text.plist.xml; path = Info.plist; sourceTree = "<group>"; };
		AC1514B61C21011E0067DF79 /* GridCollectionViewUITests.xctest */ = {isa = PBXFileReference; explicitFileType = wrapper.cfbundle; includeInIndex = 0; path = GridCollectionViewUITests.xctest; sourceTree = BUILT_PRODUCTS_DIR; };
		AC1514BA1C21011E0067DF79 /* GridCollectionViewUITests.m */ = {isa = PBXFileReference; lastKnownFileType = sourcecode.c.objc; path = GridCollectionViewUITests.m; sourceTree = "<group>"; };
		AC1514BC1C21011E0067DF79 /* Info.plist */ = {isa = PBXFileReference; lastKnownFileType = text.plist.xml; path = Info.plist; sourceTree = "<group>"; };
		AC1514C91C2101F00067DF79 /* FLKPhoto.h */ = {isa = PBXFileReference; fileEncoding = 4; lastKnownFileType = sourcecode.c.h; path = FLKPhoto.h; sourceTree = "<group>"; };
		AC1514CA1C2101F00067DF79 /* FLKPhoto.m */ = {isa = PBXFileReference; fileEncoding = 4; lastKnownFileType = sourcecode.c.objc; path = FLKPhoto.m; sourceTree = "<group>"; };
		AC1514CB1C2101F00067DF79 /* FLKPhotos.h */ = {isa = PBXFileReference; fileEncoding = 4; lastKnownFileType = sourcecode.c.h; path = FLKPhotos.h; sourceTree = "<group>"; };
		AC1514CC1C2101F00067DF79 /* FLKPhotos.m */ = {isa = PBXFileReference; fileEncoding = 4; lastKnownFileType = sourcecode.c.objc; path = FLKPhotos.m; sourceTree = "<group>"; };
		AC1514CD1C2101F00067DF79 /* FLKRecentPhotos.h */ = {isa = PBXFileReference; fileEncoding = 4; lastKnownFileType = sourcecode.c.h; path = FLKRecentPhotos.h; sourceTree = "<group>"; };
		AC1514CE1C2101F00067DF79 /* FLKRecentPhotos.m */ = {isa = PBXFileReference; fileEncoding = 4; lastKnownFileType = sourcecode.c.objc; path = FLKRecentPhotos.m; sourceTree = "<group>"; };
		AC70BB661C2282730083242D /* EKOriginImage.h */ = {isa = PBXFileReference; fileEncoding = 4; lastKnownFileType = sourcecode.c.h; path = EKOriginImage.h; sourceTree = "<group>"; };
		AC70BB671C2282730083242D /* EKOriginImage.m */ = {isa = PBXFileReference; fileEncoding = 4; lastKnownFileType = sourcecode.c.objc; path = EKOriginImage.m; sourceTree = "<group>"; };
		AC70BB681C2282730083242D /* EKRecentModel.h */ = {isa = PBXFileReference; fileEncoding = 4; lastKnownFileType = sourcecode.c.h; path = EKRecentModel.h; sourceTree = "<group>"; };
		AC70BB691C2282730083242D /* EKRecentModel.m */ = {isa = PBXFileReference; fileEncoding = 4; lastKnownFileType = sourcecode.c.objc; path = EKRecentModel.m; sourceTree = "<group>"; };
		AC70BB6A1C2282730083242D /* EKThumbnailImage.h */ = {isa = PBXFileReference; fileEncoding = 4; lastKnownFileType = sourcecode.c.h; path = EKThumbnailImage.h; sourceTree = "<group>"; };
		AC70BB6B1C2282730083242D /* EKThumbnailImage.m */ = {isa = PBXFileReference; fileEncoding = 4; lastKnownFileType = sourcecode.c.objc; path = EKThumbnailImage.m; sourceTree = "<group>"; };
		ACC568881C21295400EF6D8A /* ProgressHUD.bundle */ = {isa = PBXFileReference; lastKnownFileType = "wrapper.plug-in"; path = ProgressHUD.bundle; sourceTree = "<group>"; };
		ACC568891C21295400EF6D8A /* ProgressHUD.h */ = {isa = PBXFileReference; fileEncoding = 4; lastKnownFileType = sourcecode.c.h; path = ProgressHUD.h; sourceTree = "<group>"; };
		ACC5688A1C21295400EF6D8A /* ProgressHUD.m */ = {isa = PBXFileReference; fileEncoding = 4; lastKnownFileType = sourcecode.c.objc; path = ProgressHUD.m; sourceTree = "<group>"; };
		ACC5688B1C21295400EF6D8A /* YHConfig.h */ = {isa = PBXFileReference; fileEncoding = 4; lastKnownFileType = sourcecode.c.h; path = YHConfig.h; sourceTree = "<group>"; };
		ACC5688C1C21295400EF6D8A /* YHCustomActivity.h */ = {isa = PBXFileReference; fileEncoding = 4; lastKnownFileType = sourcecode.c.h; path = YHCustomActivity.h; sourceTree = "<group>"; };
		ACC5688D1C21295400EF6D8A /* YHCustomActivity.m */ = {isa = PBXFileReference; fileEncoding = 4; lastKnownFileType = sourcecode.c.objc; path = YHCustomActivity.m; sourceTree = "<group>"; };
		ACC5688E1C21295400EF6D8A /* YHDebugLog.h */ = {isa = PBXFileReference; fileEncoding = 4; lastKnownFileType = sourcecode.c.h; path = YHDebugLog.h; sourceTree = "<group>"; };
		ACC5688F1C21295400EF6D8A /* YHDevTools.h */ = {isa = PBXFileReference; fileEncoding = 4; lastKnownFileType = sourcecode.c.h; path = YHDevTools.h; sourceTree = "<group>"; };
		ACC568901C21295400EF6D8A /* YHFacebookActivity.h */ = {isa = PBXFileReference; fileEncoding = 4; lastKnownFileType = sourcecode.c.h; path = YHFacebookActivity.h; sourceTree = "<group>"; };
		ACC568911C21295400EF6D8A /* YHFacebookActivity.m */ = {isa = PBXFileReference; fileEncoding = 4; lastKnownFileType = sourcecode.c.objc; path = YHFacebookActivity.m; sourceTree = "<group>"; };
		ACC568921C21295400EF6D8A /* YHGlobal.h */ = {isa = PBXFileReference; fileEncoding = 4; lastKnownFileType = sourcecode.c.h; path = YHGlobal.h; sourceTree = "<group>"; };
		ACC568931C21295400EF6D8A /* YHGoogleLoginViewController.h */ = {isa = PBXFileReference; fileEncoding = 4; lastKnownFileType = sourcecode.c.h; path = YHGoogleLoginViewController.h; sourceTree = "<group>"; };
		ACC568941C21295400EF6D8A /* YHGoogleLoginViewController.m */ = {isa = PBXFileReference; fileEncoding = 4; lastKnownFileType = sourcecode.c.objc; path = YHGoogleLoginViewController.m; sourceTree = "<group>"; };
		ACC568951C21295400EF6D8A /* YHGoogleLoginViewController.xib */ = {isa = PBXFileReference; fileEncoding = 4; lastKnownFileType = file.xib; path = YHGoogleLoginViewController.xib; sourceTree = "<group>"; };
		ACC568961C21295400EF6D8A /* YHGooglePlusActivity.h */ = {isa = PBXFileReference; fileEncoding = 4; lastKnownFileType = sourcecode.c.h; path = YHGooglePlusActivity.h; sourceTree = "<group>"; };
		ACC568971C21295400EF6D8A /* YHGooglePlusActivity.m */ = {isa = PBXFileReference; fileEncoding = 4; lastKnownFileType = sourcecode.c.objc; path = YHGooglePlusActivity.m; sourceTree = "<group>"; };
		ACC568981C21295400EF6D8A /* YHLayout.h */ = {isa = PBXFileReference; fileEncoding = 4; lastKnownFileType = sourcecode.c.h; path = YHLayout.h; sourceTree = "<group>"; };
		ACC568991C21295400EF6D8A /* YHModel.h */ = {isa = PBXFileReference; fileEncoding = 4; lastKnownFileType = sourcecode.c.h; path = YHModel.h; sourceTree = "<group>"; };
		ACC5689A1C21295400EF6D8A /* YHModel.m */ = {isa = PBXFileReference; fileEncoding = 4; lastKnownFileType = sourcecode.c.objc; path = YHModel.m; sourceTree = "<group>"; };
		ACC5689B1C21295400EF6D8A /* YHNetwork.h */ = {isa = PBXFileReference; fileEncoding = 4; lastKnownFileType = sourcecode.c.h; path = YHNetwork.h; sourceTree = "<group>"; };
		ACC5689C1C21295400EF6D8A /* YHNetwork.m */ = {isa = PBXFileReference; fileEncoding = 4; lastKnownFileType = sourcecode.c.objc; path = YHNetwork.m; sourceTree = "<group>"; };
		ACC5689D1C21295400EF6D8A /* YHPushModel.h */ = {isa = PBXFileReference; fileEncoding = 4; lastKnownFileType = sourcecode.c.h; path = YHPushModel.h; sourceTree = "<group>"; };
		ACC5689E1C21295400EF6D8A /* YHPushModel.m */ = {isa = PBXFileReference; fileEncoding = 4; lastKnownFileType = sourcecode.c.objc; path = YHPushModel.m; sourceTree = "<group>"; };
		ACC5689F1C21295400EF6D8A /* YHSnsModel.h */ = {isa = PBXFileReference; fileEncoding = 4; lastKnownFileType = sourcecode.c.h; path = YHSnsModel.h; sourceTree = "<group>"; };
		ACC568A01C21295400EF6D8A /* YHSnsModel.m */ = {isa = PBXFileReference; fileEncoding = 4; lastKnownFileType = sourcecode.c.objc; path = YHSnsModel.m; sourceTree = "<group>"; };
		ACC568A11C21295400EF6D8A /* YHTableViewCell.h */ = {isa = PBXFileReference; fileEncoding = 4; lastKnownFileType = sourcecode.c.h; path = YHTableViewCell.h; sourceTree = "<group>"; };
		ACC568A21C21295400EF6D8A /* YHTableViewCell.m */ = {isa = PBXFileReference; fileEncoding = 4; lastKnownFileType = sourcecode.c.objc; path = YHTableViewCell.m; sourceTree = "<group>"; };
		ACC568A31C21295400EF6D8A /* YHTools.h */ = {isa = PBXFileReference; fileEncoding = 4; lastKnownFileType = sourcecode.c.h; path = YHTools.h; sourceTree = "<group>"; };
		ACC568A41C21295400EF6D8A /* YHTools.m */ = {isa = PBXFileReference; fileEncoding = 4; lastKnownFileType = sourcecode.c.objc; path = YHTools.m; sourceTree = "<group>"; };
		ACC568A51C21295400EF6D8A /* YHTwitterActivity.h */ = {isa = PBXFileReference; fileEncoding = 4; lastKnownFileType = sourcecode.c.h; path = YHTwitterActivity.h; sourceTree = "<group>"; };
		ACC568A61C21295400EF6D8A /* YHTwitterActivity.m */ = {isa = PBXFileReference; fileEncoding = 4; lastKnownFileType = sourcecode.c.objc; path = YHTwitterActivity.m; sourceTree = "<group>"; };
		ACC568A71C21295400EF6D8A /* YHVariableObject.h */ = {isa = PBXFileReference; fileEncoding = 4; lastKnownFileType = sourcecode.c.h; path = YHVariableObject.h; sourceTree = "<group>"; };
		ACC568A81C21295400EF6D8A /* YHVariableObject.m */ = {isa = PBXFileReference; fileEncoding = 4; lastKnownFileType = sourcecode.c.objc; path = YHVariableObject.m; sourceTree = "<group>"; };
		ACC568A91C21295400EF6D8A /* YHView.h */ = {isa = PBXFileReference; fileEncoding = 4; lastKnownFileType = sourcecode.c.h; path = YHView.h; sourceTree = "<group>"; };
		ACC568AA1C21295400EF6D8A /* YHView.m */ = {isa = PBXFileReference; fileEncoding = 4; lastKnownFileType = sourcecode.c.objc; path = YHView.m; sourceTree = "<group>"; };
		ACC568AB1C21295400EF6D8A /* YHViewController.h */ = {isa = PBXFileReference; fileEncoding = 4; lastKnownFileType = sourcecode.c.h; path = YHViewController.h; sourceTree = "<group>"; };
		ACC568AC1C21295400EF6D8A /* YHViewController.m */ = {isa = PBXFileReference; fileEncoding = 4; lastKnownFileType = sourcecode.c.objc; path = YHViewController.m; sourceTree = "<group>"; };
		ACC568BE1C2129C700EF6D8A /* PrefixHeader.pch */ = {isa = PBXFileReference; fileEncoding = 4; lastKnownFileType = sourcecode.c.h; path = PrefixHeader.pch; sourceTree = "<group>"; };
		ACC568BF1C21481400EF6D8A /* GridCollectionViewController.h */ = {isa = PBXFileReference; fileEncoding = 4; lastKnownFileType = sourcecode.c.h; path = GridCollectionViewController.h; sourceTree = "<group>"; };
		ACC568C01C21481400EF6D8A /* GridCollectionViewController.m */ = {isa = PBXFileReference; fileEncoding = 4; lastKnownFileType = sourcecode.c.objc; path = GridCollectionViewController.m; sourceTree = "<group>"; };
		D80952951C43AFA600FA43BB /* NewGridViewController.h */ = {isa = PBXFileReference; fileEncoding = 4; lastKnownFileType = sourcecode.c.h; path = NewGridViewController.h; sourceTree = "<group>"; };
		D80952961C43AFA600FA43BB /* NewGridViewController.m */ = {isa = PBXFileReference; fileEncoding = 4; lastKnownFileType = sourcecode.c.objc; path = NewGridViewController.m; sourceTree = "<group>"; };
/* End PBXFileReference section */

/* Begin PBXFrameworksBuildPhase section */
		AC15148F1C21011E0067DF79 /* Frameworks */ = {
			isa = PBXFrameworksBuildPhase;
			buildActionMask = 2147483647;
			files = (
				659255E1D99B94909AF3E5D8 /* libPods.a in Frameworks */,
			);
			runOnlyForDeploymentPostprocessing = 0;
		};
		AC1514A81C21011E0067DF79 /* Frameworks */ = {
			isa = PBXFrameworksBuildPhase;
			buildActionMask = 2147483647;
			files = (
			);
			runOnlyForDeploymentPostprocessing = 0;
		};
		AC1514B31C21011E0067DF79 /* Frameworks */ = {
			isa = PBXFrameworksBuildPhase;
			buildActionMask = 2147483647;
			files = (
			);
			runOnlyForDeploymentPostprocessing = 0;
		};
/* End PBXFrameworksBuildPhase section */

/* Begin PBXGroup section */
		06F1E4927CEEB487233741CD /* Pods */ = {
			isa = PBXGroup;
			children = (
				68E7CCEDECF5FBE85E32A985 /* Pods.debug.xcconfig */,
				A82A2D396C88CE987314C1A7 /* Pods.release.xcconfig */,
			);
			name = Pods;
			sourceTree = "<group>";
		};
		AC1514891C21011E0067DF79 = {
			isa = PBXGroup;
			children = (
				AC1514941C21011E0067DF79 /* GridCollectionView */,
				AC1514AE1C21011E0067DF79 /* GridCollectionViewTests */,
				AC1514B91C21011E0067DF79 /* GridCollectionViewUITests */,
				AC1514931C21011E0067DF79 /* Products */,
				06F1E4927CEEB487233741CD /* Pods */,
				C7D9B12EB1793D642CF0D423 /* Frameworks */,
			);
			sourceTree = "<group>";
		};
		AC1514931C21011E0067DF79 /* Products */ = {
			isa = PBXGroup;
			children = (
				AC1514921C21011E0067DF79 /* GridCollectionView.app */,
				AC1514AB1C21011E0067DF79 /* GridCollectionViewTests.xctest */,
				AC1514B61C21011E0067DF79 /* GridCollectionViewUITests.xctest */,
			);
			name = Products;
			sourceTree = "<group>";
		};
		AC1514941C21011E0067DF79 /* GridCollectionView */ = {
			isa = PBXGroup;
			children = (
				AC70BB651C2282730083242D /* EKModel */,
				ACC568861C21295400EF6D8A /* Common */,
				AC1514C81C2101F00067DF79 /* FLKModel */,
				AC1514981C21011E0067DF79 /* AppDelegate.h */,
				AC1514991C21011E0067DF79 /* AppDelegate.m */,
				AC15149B1C21011E0067DF79 /* ViewController.h */,
				AC15149C1C21011E0067DF79 /* ViewController.m */,
				ACC568BF1C21481400EF6D8A /* GridCollectionViewController.h */,
				D80952951C43AFA600FA43BB /* NewGridViewController.h */,
				D80952961C43AFA600FA43BB /* NewGridViewController.m */,
				ACC568C01C21481400EF6D8A /* GridCollectionViewController.m */,
				AC15149E1C21011E0067DF79 /* Main.storyboard */,
				AC1514A11C21011E0067DF79 /* Assets.xcassets */,
				AC1514A31C21011E0067DF79 /* LaunchScreen.storyboard */,
				AC1514A61C21011E0067DF79 /* Info.plist */,
				AC1514951C21011E0067DF79 /* Supporting Files */,
			);
			path = GridCollectionView;
			sourceTree = "<group>";
		};
		AC1514951C21011E0067DF79 /* Supporting Files */ = {
			isa = PBXGroup;
			children = (
				ACC568BE1C2129C700EF6D8A /* PrefixHeader.pch */,
				AC1514961C21011E0067DF79 /* main.m */,
			);
			name = "Supporting Files";
			sourceTree = "<group>";
		};
		AC1514AE1C21011E0067DF79 /* GridCollectionViewTests */ = {
			isa = PBXGroup;
			children = (
				AC1514AF1C21011E0067DF79 /* GridCollectionViewTests.m */,
				AC1514B11C21011E0067DF79 /* Info.plist */,
			);
			path = GridCollectionViewTests;
			sourceTree = "<group>";
		};
		AC1514B91C21011E0067DF79 /* GridCollectionViewUITests */ = {
			isa = PBXGroup;
			children = (
				AC1514BA1C21011E0067DF79 /* GridCollectionViewUITests.m */,
				AC1514BC1C21011E0067DF79 /* Info.plist */,
			);
			path = GridCollectionViewUITests;
			sourceTree = "<group>";
		};
		AC1514C81C2101F00067DF79 /* FLKModel */ = {
			isa = PBXGroup;
			children = (
				AC1514C91C2101F00067DF79 /* FLKPhoto.h */,
				AC1514CA1C2101F00067DF79 /* FLKPhoto.m */,
				AC1514CB1C2101F00067DF79 /* FLKPhotos.h */,
				AC1514CC1C2101F00067DF79 /* FLKPhotos.m */,
				AC1514CD1C2101F00067DF79 /* FLKRecentPhotos.h */,
				AC1514CE1C2101F00067DF79 /* FLKRecentPhotos.m */,
			);
			path = FLKModel;
			sourceTree = "<group>";
		};
		AC70BB651C2282730083242D /* EKModel */ = {
			isa = PBXGroup;
			children = (
				AC70BB661C2282730083242D /* EKOriginImage.h */,
				AC70BB671C2282730083242D /* EKOriginImage.m */,
				AC70BB681C2282730083242D /* EKRecentModel.h */,
				AC70BB691C2282730083242D /* EKRecentModel.m */,
				AC70BB6A1C2282730083242D /* EKThumbnailImage.h */,
				AC70BB6B1C2282730083242D /* EKThumbnailImage.m */,
			);
			path = EKModel;
			sourceTree = "<group>";
		};
		ACC568861C21295400EF6D8A /* Common */ = {
			isa = PBXGroup;
			children = (
				ACC568871C21295400EF6D8A /* ProgressHUD */,
				ACC5688B1C21295400EF6D8A /* YHConfig.h */,
				ACC5688C1C21295400EF6D8A /* YHCustomActivity.h */,
				ACC5688D1C21295400EF6D8A /* YHCustomActivity.m */,
				ACC5688E1C21295400EF6D8A /* YHDebugLog.h */,
				ACC5688F1C21295400EF6D8A /* YHDevTools.h */,
				ACC568901C21295400EF6D8A /* YHFacebookActivity.h */,
				ACC568911C21295400EF6D8A /* YHFacebookActivity.m */,
				ACC568921C21295400EF6D8A /* YHGlobal.h */,
				ACC568931C21295400EF6D8A /* YHGoogleLoginViewController.h */,
				ACC568941C21295400EF6D8A /* YHGoogleLoginViewController.m */,
				ACC568951C21295400EF6D8A /* YHGoogleLoginViewController.xib */,
				ACC568961C21295400EF6D8A /* YHGooglePlusActivity.h */,
				ACC568971C21295400EF6D8A /* YHGooglePlusActivity.m */,
				ACC568981C21295400EF6D8A /* YHLayout.h */,
				ACC568991C21295400EF6D8A /* YHModel.h */,
				ACC5689A1C21295400EF6D8A /* YHModel.m */,
				ACC5689B1C21295400EF6D8A /* YHNetwork.h */,
				ACC5689C1C21295400EF6D8A /* YHNetwork.m */,
				ACC5689D1C21295400EF6D8A /* YHPushModel.h */,
				ACC5689E1C21295400EF6D8A /* YHPushModel.m */,
				ACC5689F1C21295400EF6D8A /* YHSnsModel.h */,
				ACC568A01C21295400EF6D8A /* YHSnsModel.m */,
				ACC568A11C21295400EF6D8A /* YHTableViewCell.h */,
				ACC568A21C21295400EF6D8A /* YHTableViewCell.m */,
				ACC568A31C21295400EF6D8A /* YHTools.h */,
				ACC568A41C21295400EF6D8A /* YHTools.m */,
				ACC568A51C21295400EF6D8A /* YHTwitterActivity.h */,
				ACC568A61C21295400EF6D8A /* YHTwitterActivity.m */,
				ACC568A71C21295400EF6D8A /* YHVariableObject.h */,
				ACC568A81C21295400EF6D8A /* YHVariableObject.m */,
				ACC568A91C21295400EF6D8A /* YHView.h */,
				ACC568AA1C21295400EF6D8A /* YHView.m */,
				ACC568AB1C21295400EF6D8A /* YHViewController.h */,
				ACC568AC1C21295400EF6D8A /* YHViewController.m */,
			);
			path = Common;
			sourceTree = "<group>";
		};
		ACC568871C21295400EF6D8A /* ProgressHUD */ = {
			isa = PBXGroup;
			children = (
				ACC568881C21295400EF6D8A /* ProgressHUD.bundle */,
				ACC568891C21295400EF6D8A /* ProgressHUD.h */,
				ACC5688A1C21295400EF6D8A /* ProgressHUD.m */,
			);
			path = ProgressHUD;
			sourceTree = "<group>";
		};
		C7D9B12EB1793D642CF0D423 /* Frameworks */ = {
			isa = PBXGroup;
			children = (
				142601B8B83AA6C69F6E5D0D /* libPods.a */,
			);
			name = Frameworks;
			sourceTree = "<group>";
		};
/* End PBXGroup section */

/* Begin PBXNativeTarget section */
		AC1514911C21011E0067DF79 /* GridCollectionView */ = {
			isa = PBXNativeTarget;
			buildConfigurationList = AC1514BF1C21011E0067DF79 /* Build configuration list for PBXNativeTarget "GridCollectionView" */;
			buildPhases = (
				177F0EEE7CBC129481CCA289 /* Check Pods Manifest.lock */,
				AC15148E1C21011E0067DF79 /* Sources */,
				AC15148F1C21011E0067DF79 /* Frameworks */,
				AC1514901C21011E0067DF79 /* Resources */,
				A2651CCA63175851003ED196 /* Embed Pods Frameworks */,
				F4C8ED4CCAF1BE2C6D39274E /* Copy Pods Resources */,
			);
			buildRules = (
			);
			dependencies = (
			);
			name = GridCollectionView;
			productName = GridCollectionView;
			productReference = AC1514921C21011E0067DF79 /* GridCollectionView.app */;
			productType = "com.apple.product-type.application";
		};
		AC1514AA1C21011E0067DF79 /* GridCollectionViewTests */ = {
			isa = PBXNativeTarget;
			buildConfigurationList = AC1514C21C21011E0067DF79 /* Build configuration list for PBXNativeTarget "GridCollectionViewTests" */;
			buildPhases = (
				AC1514A71C21011E0067DF79 /* Sources */,
				AC1514A81C21011E0067DF79 /* Frameworks */,
				AC1514A91C21011E0067DF79 /* Resources */,
			);
			buildRules = (
			);
			dependencies = (
				AC1514AD1C21011E0067DF79 /* PBXTargetDependency */,
			);
			name = GridCollectionViewTests;
			productName = GridCollectionViewTests;
			productReference = AC1514AB1C21011E0067DF79 /* GridCollectionViewTests.xctest */;
			productType = "com.apple.product-type.bundle.unit-test";
		};
		AC1514B51C21011E0067DF79 /* GridCollectionViewUITests */ = {
			isa = PBXNativeTarget;
			buildConfigurationList = AC1514C51C21011E0067DF79 /* Build configuration list for PBXNativeTarget "GridCollectionViewUITests" */;
			buildPhases = (
				AC1514B21C21011E0067DF79 /* Sources */,
				AC1514B31C21011E0067DF79 /* Frameworks */,
				AC1514B41C21011E0067DF79 /* Resources */,
			);
			buildRules = (
			);
			dependencies = (
				AC1514B81C21011E0067DF79 /* PBXTargetDependency */,
			);
			name = GridCollectionViewUITests;
			productName = GridCollectionViewUITests;
			productReference = AC1514B61C21011E0067DF79 /* GridCollectionViewUITests.xctest */;
			productType = "com.apple.product-type.bundle.ui-testing";
		};
/* End PBXNativeTarget section */

/* Begin PBXProject section */
		AC15148A1C21011E0067DF79 /* Project object */ = {
			isa = PBXProject;
			attributes = {
				LastUpgradeCheck = 0710;
				ORGANIZATIONNAME = doozerstage;
				TargetAttributes = {
					AC1514911C21011E0067DF79 = {
						CreatedOnToolsVersion = 7.1;
					};
					AC1514AA1C21011E0067DF79 = {
						CreatedOnToolsVersion = 7.1;
						TestTargetID = AC1514911C21011E0067DF79;
					};
					AC1514B51C21011E0067DF79 = {
						CreatedOnToolsVersion = 7.1;
						TestTargetID = AC1514911C21011E0067DF79;
					};
				};
			};
			buildConfigurationList = AC15148D1C21011E0067DF79 /* Build configuration list for PBXProject "GridCollectionView" */;
			compatibilityVersion = "Xcode 3.2";
			developmentRegion = English;
			hasScannedForEncodings = 0;
			knownRegions = (
				en,
				Base,
			);
			mainGroup = AC1514891C21011E0067DF79;
			productRefGroup = AC1514931C21011E0067DF79 /* Products */;
			projectDirPath = "";
			projectRoot = "";
			targets = (
				AC1514911C21011E0067DF79 /* GridCollectionView */,
				AC1514AA1C21011E0067DF79 /* GridCollectionViewTests */,
				AC1514B51C21011E0067DF79 /* GridCollectionViewUITests */,
			);
		};
/* End PBXProject section */

/* Begin PBXResourcesBuildPhase section */
		AC1514901C21011E0067DF79 /* Resources */ = {
			isa = PBXResourcesBuildPhase;
			buildActionMask = 2147483647;
			files = (
				ACC568B21C21295400EF6D8A /* YHGoogleLoginViewController.xib in Resources */,
				ACC568AD1C21295400EF6D8A /* ProgressHUD.bundle in Resources */,
				AC1514A51C21011E0067DF79 /* LaunchScreen.storyboard in Resources */,
				AC1514A21C21011E0067DF79 /* Assets.xcassets in Resources */,
				AC1514A01C21011E0067DF79 /* Main.storyboard in Resources */,
			);
			runOnlyForDeploymentPostprocessing = 0;
		};
		AC1514A91C21011E0067DF79 /* Resources */ = {
			isa = PBXResourcesBuildPhase;
			buildActionMask = 2147483647;
			files = (
			);
			runOnlyForDeploymentPostprocessing = 0;
		};
		AC1514B41C21011E0067DF79 /* Resources */ = {
			isa = PBXResourcesBuildPhase;
			buildActionMask = 2147483647;
			files = (
			);
			runOnlyForDeploymentPostprocessing = 0;
		};
/* End PBXResourcesBuildPhase section */

/* Begin PBXShellScriptBuildPhase section */
		177F0EEE7CBC129481CCA289 /* Check Pods Manifest.lock */ = {
			isa = PBXShellScriptBuildPhase;
			buildActionMask = 2147483647;
			files = (
			);
			inputPaths = (
			);
			name = "Check Pods Manifest.lock";
			outputPaths = (
			);
			runOnlyForDeploymentPostprocessing = 0;
			shellPath = /bin/sh;
			shellScript = "diff \"${PODS_ROOT}/../Podfile.lock\" \"${PODS_ROOT}/Manifest.lock\" > /dev/null\nif [[ $? != 0 ]] ; then\n    cat << EOM\nerror: The sandbox is not in sync with the Podfile.lock. Run 'pod install' or update your CocoaPods installation.\nEOM\n    exit 1\nfi\n";
			showEnvVarsInLog = 0;
		};
		A2651CCA63175851003ED196 /* Embed Pods Frameworks */ = {
			isa = PBXShellScriptBuildPhase;
			buildActionMask = 2147483647;
			files = (
			);
			inputPaths = (
			);
			name = "Embed Pods Frameworks";
			outputPaths = (
			);
			runOnlyForDeploymentPostprocessing = 0;
			shellPath = /bin/sh;
			shellScript = "\"${SRCROOT}/Pods/Target Support Files/Pods/Pods-frameworks.sh\"\n";
			showEnvVarsInLog = 0;
		};
		F4C8ED4CCAF1BE2C6D39274E /* Copy Pods Resources */ = {
			isa = PBXShellScriptBuildPhase;
			buildActionMask = 2147483647;
			files = (
			);
			inputPaths = (
			);
			name = "Copy Pods Resources";
			outputPaths = (
			);
			runOnlyForDeploymentPostprocessing = 0;
			shellPath = /bin/sh;
			shellScript = "\"${SRCROOT}/Pods/Target Support Files/Pods/Pods-resources.sh\"\n";
			showEnvVarsInLog = 0;
		};
/* End PBXShellScriptBuildPhase section */

/* Begin PBXSourcesBuildPhase section */
		AC15148E1C21011E0067DF79 /* Sources */ = {
			isa = PBXSourcesBuildPhase;
			buildActionMask = 2147483647;
			files = (
				ACC568B81C21295400EF6D8A /* YHTableViewCell.m in Sources */,
				D80952971C43AFA600FA43BB /* NewGridViewController.m in Sources */,
				ACC568B11C21295400EF6D8A /* YHGoogleLoginViewController.m in Sources */,
				ACC568C11C21481400EF6D8A /* GridCollectionViewController.m in Sources */,
				AC1514CF1C2101F00067DF79 /* FLKPhoto.m in Sources */,
				ACC568BA1C21295400EF6D8A /* YHTwitterActivity.m in Sources */,
				ACC568B91C21295400EF6D8A /* YHTools.m in Sources */,
				ACC568B41C21295400EF6D8A /* YHModel.m in Sources */,
				AC70BB6C1C2282730083242D /* EKOriginImage.m in Sources */,
				AC1514D11C2101F00067DF79 /* FLKRecentPhotos.m in Sources */,
				ACC568B61C21295400EF6D8A /* YHPushModel.m in Sources */,
				AC15149D1C21011E0067DF79 /* ViewController.m in Sources */,
				ACC568AE1C21295400EF6D8A /* ProgressHUD.m in Sources */,
				AC70BB6D1C2282730083242D /* EKRecentModel.m in Sources */,
				AC1514D01C2101F00067DF79 /* FLKPhotos.m in Sources */,
				ACC568B71C21295400EF6D8A /* YHSnsModel.m in Sources */,
				AC15149A1C21011E0067DF79 /* AppDelegate.m in Sources */,
				ACC568BD1C21295400EF6D8A /* YHViewController.m in Sources */,
				ACC568B51C21295400EF6D8A /* YHNetwork.m in Sources */,
				ACC568AF1C21295400EF6D8A /* YHCustomActivity.m in Sources */,
				ACC568B01C21295400EF6D8A /* YHFacebookActivity.m in Sources */,
				ACC568B31C21295400EF6D8A /* YHGooglePlusActivity.m in Sources */,
				AC1514971C21011E0067DF79 /* main.m in Sources */,
				ACC568BB1C21295400EF6D8A /* YHVariableObject.m in Sources */,
				AC70BB6E1C2282730083242D /* EKThumbnailImage.m in Sources */,
				ACC568BC1C21295400EF6D8A /* YHView.m in Sources */,
			);
			runOnlyForDeploymentPostprocessing = 0;
		};
		AC1514A71C21011E0067DF79 /* Sources */ = {
			isa = PBXSourcesBuildPhase;
			buildActionMask = 2147483647;
			files = (
				AC1514B01C21011E0067DF79 /* GridCollectionViewTests.m in Sources */,
			);
			runOnlyForDeploymentPostprocessing = 0;
		};
		AC1514B21C21011E0067DF79 /* Sources */ = {
			isa = PBXSourcesBuildPhase;
			buildActionMask = 2147483647;
			files = (
				AC1514BB1C21011E0067DF79 /* GridCollectionViewUITests.m in Sources */,
			);
			runOnlyForDeploymentPostprocessing = 0;
		};
/* End PBXSourcesBuildPhase section */

/* Begin PBXTargetDependency section */
		AC1514AD1C21011E0067DF79 /* PBXTargetDependency */ = {
			isa = PBXTargetDependency;
			target = AC1514911C21011E0067DF79 /* GridCollectionView */;
			targetProxy = AC1514AC1C21011E0067DF79 /* PBXContainerItemProxy */;
		};
		AC1514B81C21011E0067DF79 /* PBXTargetDependency */ = {
			isa = PBXTargetDependency;
			target = AC1514911C21011E0067DF79 /* GridCollectionView */;
			targetProxy = AC1514B71C21011E0067DF79 /* PBXContainerItemProxy */;
		};
/* End PBXTargetDependency section */

/* Begin PBXVariantGroup section */
		AC15149E1C21011E0067DF79 /* Main.storyboard */ = {
			isa = PBXVariantGroup;
			children = (
				AC15149F1C21011E0067DF79 /* Base */,
			);
			name = Main.storyboard;
			sourceTree = "<group>";
		};
		AC1514A31C21011E0067DF79 /* LaunchScreen.storyboard */ = {
			isa = PBXVariantGroup;
			children = (
				AC1514A41C21011E0067DF79 /* Base */,
			);
			name = LaunchScreen.storyboard;
			sourceTree = "<group>";
		};
/* End PBXVariantGroup section */

/* Begin XCBuildConfiguration section */
		AC1514BD1C21011E0067DF79 /* Debug */ = {
			isa = XCBuildConfiguration;
			buildSettings = {
				ALWAYS_SEARCH_USER_PATHS = NO;
				CLANG_CXX_LANGUAGE_STANDARD = "gnu++0x";
				CLANG_CXX_LIBRARY = "libc++";
				CLANG_ENABLE_MODULES = YES;
				CLANG_ENABLE_OBJC_ARC = YES;
				CLANG_WARN_BOOL_CONVERSION = YES;
				CLANG_WARN_CONSTANT_CONVERSION = YES;
				CLANG_WARN_DIRECT_OBJC_ISA_USAGE = YES_ERROR;
				CLANG_WARN_EMPTY_BODY = YES;
				CLANG_WARN_ENUM_CONVERSION = YES;
				CLANG_WARN_INT_CONVERSION = YES;
				CLANG_WARN_OBJC_ROOT_CLASS = YES_ERROR;
				CLANG_WARN_UNREACHABLE_CODE = YES;
				CLANG_WARN__DUPLICATE_METHOD_MATCH = YES;
				"CODE_SIGN_IDENTITY[sdk=iphoneos*]" = "iPhone Developer";
				COPY_PHASE_STRIP = NO;
				DEBUG_INFORMATION_FORMAT = dwarf;
				ENABLE_BITCODE = NO;
				ENABLE_STRICT_OBJC_MSGSEND = YES;
				ENABLE_TESTABILITY = YES;
				GCC_C_LANGUAGE_STANDARD = gnu99;
				GCC_DYNAMIC_NO_PIC = NO;
				GCC_NO_COMMON_BLOCKS = YES;
				GCC_OPTIMIZATION_LEVEL = 0;
				GCC_PREPROCESSOR_DEFINITIONS = (
					"DEBUG=1",
					"$(inherited)",
				);
				GCC_WARN_64_TO_32_BIT_CONVERSION = YES;
				GCC_WARN_ABOUT_RETURN_TYPE = YES_ERROR;
				GCC_WARN_UNDECLARED_SELECTOR = YES;
				GCC_WARN_UNINITIALIZED_AUTOS = YES_AGGRESSIVE;
				GCC_WARN_UNUSED_FUNCTION = YES;
				GCC_WARN_UNUSED_VARIABLE = YES;
				IPHONEOS_DEPLOYMENT_TARGET = 7.1;
				MTL_ENABLE_DEBUG_INFO = YES;
				ONLY_ACTIVE_ARCH = YES;
				SDKROOT = iphoneos;
			};
			name = Debug;
		};
		AC1514BE1C21011E0067DF79 /* Release */ = {
			isa = XCBuildConfiguration;
			buildSettings = {
				ALWAYS_SEARCH_USER_PATHS = NO;
				CLANG_CXX_LANGUAGE_STANDARD = "gnu++0x";
				CLANG_CXX_LIBRARY = "libc++";
				CLANG_ENABLE_MODULES = YES;
				CLANG_ENABLE_OBJC_ARC = YES;
				CLANG_WARN_BOOL_CONVERSION = YES;
				CLANG_WARN_CONSTANT_CONVERSION = YES;
				CLANG_WARN_DIRECT_OBJC_ISA_USAGE = YES_ERROR;
				CLANG_WARN_EMPTY_BODY = YES;
				CLANG_WARN_ENUM_CONVERSION = YES;
				CLANG_WARN_INT_CONVERSION = YES;
				CLANG_WARN_OBJC_ROOT_CLASS = YES_ERROR;
				CLANG_WARN_UNREACHABLE_CODE = YES;
				CLANG_WARN__DUPLICATE_METHOD_MATCH = YES;
				"CODE_SIGN_IDENTITY[sdk=iphoneos*]" = "iPhone Developer";
				COPY_PHASE_STRIP = NO;
				DEBUG_INFORMATION_FORMAT = "dwarf-with-dsym";
				ENABLE_BITCODE = NO;
				ENABLE_NS_ASSERTIONS = NO;
				ENABLE_STRICT_OBJC_MSGSEND = YES;
				GCC_C_LANGUAGE_STANDARD = gnu99;
				GCC_NO_COMMON_BLOCKS = YES;
				GCC_WARN_64_TO_32_BIT_CONVERSION = YES;
				GCC_WARN_ABOUT_RETURN_TYPE = YES_ERROR;
				GCC_WARN_UNDECLARED_SELECTOR = YES;
				GCC_WARN_UNINITIALIZED_AUTOS = YES_AGGRESSIVE;
				GCC_WARN_UNUSED_FUNCTION = YES;
				GCC_WARN_UNUSED_VARIABLE = YES;
				IPHONEOS_DEPLOYMENT_TARGET = 7.1;
				MTL_ENABLE_DEBUG_INFO = NO;
				SDKROOT = iphoneos;
				VALIDATE_PRODUCT = YES;
			};
			name = Release;
		};
		AC1514C01C21011E0067DF79 /* Debug */ = {
			isa = XCBuildConfiguration;
			baseConfigurationReference = 68E7CCEDECF5FBE85E32A985 /* Pods.debug.xcconfig */;
			buildSettings = {
				ASSETCATALOG_COMPILER_APPICON_NAME = AppIcon;
				GCC_PREFIX_HEADER = GridCollectionView/PrefixHeader.pch;
				INFOPLIST_FILE = GridCollectionView/Info.plist;
				LD_RUNPATH_SEARCH_PATHS = "$(inherited) @executable_path/Frameworks";
				PRODUCT_BUNDLE_IDENTIFIER = com.doozerstage.GridCollectionView;
				PRODUCT_NAME = "$(TARGET_NAME)";
			};
			name = Debug;
		};
		AC1514C11C21011E0067DF79 /* Release */ = {
			isa = XCBuildConfiguration;
			baseConfigurationReference = A82A2D396C88CE987314C1A7 /* Pods.release.xcconfig */;
			buildSettings = {
				ASSETCATALOG_COMPILER_APPICON_NAME = AppIcon;
				GCC_PREFIX_HEADER = GridCollectionView/PrefixHeader.pch;
				INFOPLIST_FILE = GridCollectionView/Info.plist;
				LD_RUNPATH_SEARCH_PATHS = "$(inherited) @executable_path/Frameworks";
				PRODUCT_BUNDLE_IDENTIFIER = com.doozerstage.GridCollectionView;
				PRODUCT_NAME = "$(TARGET_NAME)";
			};
			name = Release;
		};
		AC1514C31C21011E0067DF79 /* Debug */ = {
			isa = XCBuildConfiguration;
			buildSettings = {
				BUNDLE_LOADER = "$(TEST_HOST)";
				INFOPLIST_FILE = GridCollectionViewTests/Info.plist;
				LD_RUNPATH_SEARCH_PATHS = "$(inherited) @executable_path/Frameworks @loader_path/Frameworks";
				PRODUCT_BUNDLE_IDENTIFIER = com.doozerstage.GridCollectionViewTests;
				PRODUCT_NAME = "$(TARGET_NAME)";
				TEST_HOST = "$(BUILT_PRODUCTS_DIR)/GridCollectionView.app/GridCollectionView";
			};
			name = Debug;
		};
		AC1514C41C21011E0067DF79 /* Release */ = {
			isa = XCBuildConfiguration;
			buildSettings = {
				BUNDLE_LOADER = "$(TEST_HOST)";
				INFOPLIST_FILE = GridCollectionViewTests/Info.plist;
				LD_RUNPATH_SEARCH_PATHS = "$(inherited) @executable_path/Frameworks @loader_path/Frameworks";
				PRODUCT_BUNDLE_IDENTIFIER = com.doozerstage.GridCollectionViewTests;
				PRODUCT_NAME = "$(TARGET_NAME)";
				TEST_HOST = "$(BUILT_PRODUCTS_DIR)/GridCollectionView.app/GridCollectionView";
			};
			name = Release;
		};
		AC1514C61C21011E0067DF79 /* Debug */ = {
			isa = XCBuildConfiguration;
			buildSettings = {
				INFOPLIST_FILE = GridCollectionViewUITests/Info.plist;
				LD_RUNPATH_SEARCH_PATHS = "$(inherited) @executable_path/Frameworks @loader_path/Frameworks";
				PRODUCT_BUNDLE_IDENTIFIER = com.doozerstage.GridCollectionViewUITests;
				PRODUCT_NAME = "$(TARGET_NAME)";
				TEST_TARGET_NAME = GridCollectionView;
				USES_XCTRUNNER = YES;
			};
			name = Debug;
		};
		AC1514C71C21011E0067DF79 /* Release */ = {
			isa = XCBuildConfiguration;
			buildSettings = {
				INFOPLIST_FILE = GridCollectionViewUITests/Info.plist;
				LD_RUNPATH_SEARCH_PATHS = "$(inherited) @executable_path/Frameworks @loader_path/Frameworks";
				PRODUCT_BUNDLE_IDENTIFIER = com.doozerstage.GridCollectionViewUITests;
				PRODUCT_NAME = "$(TARGET_NAME)";
				TEST_TARGET_NAME = GridCollectionView;
				USES_XCTRUNNER = YES;
			};
			name = Release;
		};
/* End XCBuildConfiguration section */

/* Begin XCConfigurationList section */
		AC15148D1C21011E0067DF79 /* Build configuration list for PBXProject "GridCollectionView" */ = {
			isa = XCConfigurationList;
			buildConfigurations = (
				AC1514BD1C21011E0067DF79 /* Debug */,
				AC1514BE1C21011E0067DF79 /* Release */,
			);
			defaultConfigurationIsVisible = 0;
			defaultConfigurationName = Release;
		};
		AC1514BF1C21011E0067DF79 /* Build configuration list for PBXNativeTarget "GridCollectionView" */ = {
			isa = XCConfigurationList;
			buildConfigurations = (
				AC1514C01C21011E0067DF79 /* Debug */,
				AC1514C11C21011E0067DF79 /* Release */,
			);
			defaultConfigurationIsVisible = 0;
			defaultConfigurationName = Release;
		};
		AC1514C21C21011E0067DF79 /* Build configuration list for PBXNativeTarget "GridCollectionViewTests" */ = {
			isa = XCConfigurationList;
			buildConfigurations = (
				AC1514C31C21011E0067DF79 /* Debug */,
				AC1514C41C21011E0067DF79 /* Release */,
			);
			defaultConfigurationIsVisible = 0;
			defaultConfigurationName = Release;
		};
		AC1514C51C21011E0067DF79 /* Build configuration list for PBXNativeTarget "GridCollectionViewUITests" */ = {
			isa = XCConfigurationList;
			buildConfigurations = (
				AC1514C61C21011E0067DF79 /* Debug */,
				AC1514C71C21011E0067DF79 /* Release */,
			);
			defaultConfigurationIsVisible = 0;
			defaultConfigurationName = Release;
		};
/* End XCConfigurationList section */
	};
	rootObject = AC15148A1C21011E0067DF79 /* Project object */;
}
