// !$*UTF8*$!
{
	archiveVersion = 1;
	classes = {
	};
	objectVersion = 46;
	objects = {

/* Begin PBXBuildFile section */
		1E79C58D1BCC1CFC0087CEC7 /* main.m in Sources */ = {isa = PBXBuildFile; fileRef = 1E79C58C1BCC1CFC0087CEC7 /* main.m */; };
		1E79C5901BCC1CFC0087CEC7 /* AppDelegate.m in Sources */ = {isa = PBXBuildFile; fileRef = 1E79C58F1BCC1CFC0087CEC7 /* AppDelegate.m */; };
		1E79C5931BCC1CFC0087CEC7 /* MasterViewController.m in Sources */ = {isa = PBXBuildFile; fileRef = 1E79C5921BCC1CFC0087CEC7 /* MasterViewController.m */; };
		1E79C5961BCC1CFC0087CEC7 /* DetailViewController.m in Sources */ = {isa = PBXBuildFile; fileRef = 1E79C5951BCC1CFC0087CEC7 /* DetailViewController.m */; };
		1E79C5991BCC1CFC0087CEC7 /* Main.storyboard in Resources */ = {isa = PBXBuildFile; fileRef = 1E79C5971BCC1CFC0087CEC7 /* Main.storyboard */; };
		1E79C59B1BCC1CFC0087CEC7 /* Assets.xcassets in Resources */ = {isa = PBXBuildFile; fileRef = 1E79C59A1BCC1CFC0087CEC7 /* Assets.xcassets */; };
		1E79C59E1BCC1CFC0087CEC7 /* LaunchScreen.storyboard in Resources */ = {isa = PBXBuildFile; fileRef = 1E79C59C1BCC1CFC0087CEC7 /* LaunchScreen.storyboard */; };
		1E79C5A91BCC1CFC0087CEC7 /* YHTestTests.m in Sources */ = {isa = PBXBuildFile; fileRef = 1E79C5A81BCC1CFC0087CEC7 /* YHTestTests.m */; };
		1E79C5B41BCC1CFC0087CEC7 /* YHTestUITests.m in Sources */ = {isa = PBXBuildFile; fileRef = 1E79C5B31BCC1CFC0087CEC7 /* YHTestUITests.m */; };
/* End PBXBuildFile section */

/* Begin PBXContainerItemProxy section */
		1E79C5A51BCC1CFC0087CEC7 /* PBXContainerItemProxy */ = {
			isa = PBXContainerItemProxy;
			containerPortal = 1E79C5801BCC1CFC0087CEC7 /* Project object */;
			proxyType = 1;
			remoteGlobalIDString = 1E79C5871BCC1CFC0087CEC7;
			remoteInfo = YHTest;
		};
		1E79C5B01BCC1CFC0087CEC7 /* PBXContainerItemProxy */ = {
			isa = PBXContainerItemProxy;
			containerPortal = 1E79C5801BCC1CFC0087CEC7 /* Project object */;
			proxyType = 1;
			remoteGlobalIDString = 1E79C5871BCC1CFC0087CEC7;
			remoteInfo = YHTest;
		};
/* End PBXContainerItemProxy section */

/* Begin PBXFileReference section */
		1E79C5881BCC1CFC0087CEC7 /* YHTest.app */ = {isa = PBXFileReference; explicitFileType = wrapper.application; includeInIndex = 0; path = YHTest.app; sourceTree = BUILT_PRODUCTS_DIR; };
		1E79C58C1BCC1CFC0087CEC7 /* main.m */ = {isa = PBXFileReference; lastKnownFileType = sourcecode.c.objc; path = main.m; sourceTree = "<group>"; };
		1E79C58E1BCC1CFC0087CEC7 /* AppDelegate.h */ = {isa = PBXFileReference; lastKnownFileType = sourcecode.c.h; path = AppDelegate.h; sourceTree = "<group>"; };
		1E79C58F1BCC1CFC0087CEC7 /* AppDelegate.m */ = {isa = PBXFileReference; lastKnownFileType = sourcecode.c.objc; path = AppDelegate.m; sourceTree = "<group>"; };
		1E79C5911BCC1CFC0087CEC7 /* MasterViewController.h */ = {isa = PBXFileReference; lastKnownFileType = sourcecode.c.h; path = MasterViewController.h; sourceTree = "<group>"; };
		1E79C5921BCC1CFC0087CEC7 /* MasterViewController.m */ = {isa = PBXFileReference; lastKnownFileType = sourcecode.c.objc; path = MasterViewController.m; sourceTree = "<group>"; };
		1E79C5941BCC1CFC0087CEC7 /* DetailViewController.h */ = {isa = PBXFileReference; lastKnownFileType = sourcecode.c.h; path = DetailViewController.h; sourceTree = "<group>"; };
		1E79C5951BCC1CFC0087CEC7 /* DetailViewController.m */ = {isa = PBXFileReference; lastKnownFileType = sourcecode.c.objc; path = DetailViewController.m; sourceTree = "<group>"; };
		1E79C5981BCC1CFC0087CEC7 /* Base */ = {isa = PBXFileReference; lastKnownFileType = file.storyboard; name = Base; path = Base.lproj/Main.storyboard; sourceTree = "<group>"; };
		1E79C59A1BCC1CFC0087CEC7 /* Assets.xcassets */ = {isa = PBXFileReference; lastKnownFileType = folder.assetcatalog; path = Assets.xcassets; sourceTree = "<group>"; };
		1E79C59D1BCC1CFC0087CEC7 /* Base */ = {isa = PBXFileReference; lastKnownFileType = file.storyboard; name = Base; path = Base.lproj/LaunchScreen.storyboard; sourceTree = "<group>"; };
		1E79C59F1BCC1CFC0087CEC7 /* Info.plist */ = {isa = PBXFileReference; lastKnownFileType = text.plist.xml; path = Info.plist; sourceTree = "<group>"; };
		1E79C5A41BCC1CFC0087CEC7 /* YHTestTests.xctest */ = {isa = PBXFileReference; explicitFileType = wrapper.cfbundle; includeInIndex = 0; path = YHTestTests.xctest; sourceTree = BUILT_PRODUCTS_DIR; };
		1E79C5A81BCC1CFC0087CEC7 /* YHTestTests.m */ = {isa = PBXFileReference; lastKnownFileType = sourcecode.c.objc; path = YHTestTests.m; sourceTree = "<group>"; };
		1E79C5AA1BCC1CFC0087CEC7 /* Info.plist */ = {isa = PBXFileReference; lastKnownFileType = text.plist.xml; path = Info.plist; sourceTree = "<group>"; };
		1E79C5AF1BCC1CFC0087CEC7 /* YHTestUITests.xctest */ = {isa = PBXFileReference; explicitFileType = wrapper.cfbundle; includeInIndex = 0; path = YHTestUITests.xctest; sourceTree = BUILT_PRODUCTS_DIR; };
		1E79C5B31BCC1CFC0087CEC7 /* YHTestUITests.m */ = {isa = PBXFileReference; lastKnownFileType = sourcecode.c.objc; path = YHTestUITests.m; sourceTree = "<group>"; };
		1E79C5B51BCC1CFC0087CEC7 /* Info.plist */ = {isa = PBXFileReference; lastKnownFileType = text.plist.xml; path = Info.plist; sourceTree = "<group>"; };
/* End PBXFileReference section */

/* Begin PBXFrameworksBuildPhase section */
		1E79C5851BCC1CFC0087CEC7 /* Frameworks */ = {
			isa = PBXFrameworksBuildPhase;
			buildActionMask = 2147483647;
			files = (
			);
			runOnlyForDeploymentPostprocessing = 0;
		};
		1E79C5A11BCC1CFC0087CEC7 /* Frameworks */ = {
			isa = PBXFrameworksBuildPhase;
			buildActionMask = 2147483647;
			files = (
			);
			runOnlyForDeploymentPostprocessing = 0;
		};
		1E79C5AC1BCC1CFC0087CEC7 /* Frameworks */ = {
			isa = PBXFrameworksBuildPhase;
			buildActionMask = 2147483647;
			files = (
			);
			runOnlyForDeploymentPostprocessing = 0;
		};
/* End PBXFrameworksBuildPhase section */

/* Begin PBXGroup section */
		1E79C57F1BCC1CFC0087CEC7 = {
			isa = PBXGroup;
			children = (
				1E79C58A1BCC1CFC0087CEC7 /* YHTest */,
				1E79C5A71BCC1CFC0087CEC7 /* YHTestTests */,
				1E79C5B21BCC1CFC0087CEC7 /* YHTestUITests */,
				1E79C5891BCC1CFC0087CEC7 /* Products */,
			);
			sourceTree = "<group>";
		};
		1E79C5891BCC1CFC0087CEC7 /* Products */ = {
			isa = PBXGroup;
			children = (
				1E79C5881BCC1CFC0087CEC7 /* YHTest.app */,
				1E79C5A41BCC1CFC0087CEC7 /* YHTestTests.xctest */,
				1E79C5AF1BCC1CFC0087CEC7 /* YHTestUITests.xctest */,
			);
			name = Products;
			sourceTree = "<group>";
		};
		1E79C58A1BCC1CFC0087CEC7 /* YHTest */ = {
			isa = PBXGroup;
			children = (
				1E79C58E1BCC1CFC0087CEC7 /* AppDelegate.h */,
				1E79C58F1BCC1CFC0087CEC7 /* AppDelegate.m */,
				1E79C5911BCC1CFC0087CEC7 /* MasterViewController.h */,
				1E79C5921BCC1CFC0087CEC7 /* MasterViewController.m */,
				1E79C5941BCC1CFC0087CEC7 /* DetailViewController.h */,
				1E79C5951BCC1CFC0087CEC7 /* DetailViewController.m */,
				1E79C5971BCC1CFC0087CEC7 /* Main.storyboard */,
				1E79C59A1BCC1CFC0087CEC7 /* Assets.xcassets */,
				1E79C59C1BCC1CFC0087CEC7 /* LaunchScreen.storyboard */,
				1E79C59F1BCC1CFC0087CEC7 /* Info.plist */,
				1E79C58B1BCC1CFC0087CEC7 /* Supporting Files */,
			);
			path = YHTest;
			sourceTree = "<group>";
		};
		1E79C58B1BCC1CFC0087CEC7 /* Supporting Files */ = {
			isa = PBXGroup;
			children = (
				1E79C58C1BCC1CFC0087CEC7 /* main.m */,
			);
			name = "Supporting Files";
			sourceTree = "<group>";
		};
		1E79C5A71BCC1CFC0087CEC7 /* YHTestTests */ = {
			isa = PBXGroup;
			children = (
				1E79C5A81BCC1CFC0087CEC7 /* YHTestTests.m */,
				1E79C5AA1BCC1CFC0087CEC7 /* Info.plist */,
			);
			path = YHTestTests;
			sourceTree = "<group>";
		};
		1E79C5B21BCC1CFC0087CEC7 /* YHTestUITests */ = {
			isa = PBXGroup;
			children = (
				1E79C5B31BCC1CFC0087CEC7 /* YHTestUITests.m */,
				1E79C5B51BCC1CFC0087CEC7 /* Info.plist */,
			);
			path = YHTestUITests;
			sourceTree = "<group>";
		};
/* End PBXGroup section */

/* Begin PBXNativeTarget section */
		1E79C5871BCC1CFC0087CEC7 /* YHTest */ = {
			isa = PBXNativeTarget;
			buildConfigurationList = 1E79C5B81BCC1CFC0087CEC7 /* Build configuration list for PBXNativeTarget "YHTest" */;
			buildPhases = (
				1E79C5841BCC1CFC0087CEC7 /* Sources */,
				1E79C5851BCC1CFC0087CEC7 /* Frameworks */,
				1E79C5861BCC1CFC0087CEC7 /* Resources */,
			);
			buildRules = (
			);
			dependencies = (
			);
			name = YHTest;
			productName = YHTest;
			productReference = 1E79C5881BCC1CFC0087CEC7 /* YHTest.app */;
			productType = "com.apple.product-type.application";
		};
		1E79C5A31BCC1CFC0087CEC7 /* YHTestTests */ = {
			isa = PBXNativeTarget;
			buildConfigurationList = 1E79C5BB1BCC1CFC0087CEC7 /* Build configuration list for PBXNativeTarget "YHTestTests" */;
			buildPhases = (
				1E79C5A01BCC1CFC0087CEC7 /* Sources */,
				1E79C5A11BCC1CFC0087CEC7 /* Frameworks */,
				1E79C5A21BCC1CFC0087CEC7 /* Resources */,
			);
			buildRules = (
			);
			dependencies = (
				1E79C5A61BCC1CFC0087CEC7 /* PBXTargetDependency */,
			);
			name = YHTestTests;
			productName = YHTestTests;
			productReference = 1E79C5A41BCC1CFC0087CEC7 /* YHTestTests.xctest */;
			productType = "com.apple.product-type.bundle.unit-test";
		};
		1E79C5AE1BCC1CFC0087CEC7 /* YHTestUITests */ = {
			isa = PBXNativeTarget;
			buildConfigurationList = 1E79C5BE1BCC1CFC0087CEC7 /* Build configuration list for PBXNativeTarget "YHTestUITests" */;
			buildPhases = (
				1E79C5AB1BCC1CFC0087CEC7 /* Sources */,
				1E79C5AC1BCC1CFC0087CEC7 /* Frameworks */,
				1E79C5AD1BCC1CFC0087CEC7 /* Resources */,
			);
			buildRules = (
			);
			dependencies = (
				1E79C5B11BCC1CFC0087CEC7 /* PBXTargetDependency */,
			);
			name = YHTestUITests;
			productName = YHTestUITests;
			productReference = 1E79C5AF1BCC1CFC0087CEC7 /* YHTestUITests.xctest */;
			productType = "com.apple.product-type.bundle.ui-testing";
		};
/* End PBXNativeTarget section */

/* Begin PBXProject section */
		1E79C5801BCC1CFC0087CEC7 /* Project object */ = {
			isa = PBXProject;
			attributes = {
				LastUpgradeCheck = 0700;
				ORGANIZATIONNAME = DooZer;
				TargetAttributes = {
					1E79C5871BCC1CFC0087CEC7 = {
						CreatedOnToolsVersion = 7.0.1;
					};
					1E79C5A31BCC1CFC0087CEC7 = {
						CreatedOnToolsVersion = 7.0.1;
						TestTargetID = 1E79C5871BCC1CFC0087CEC7;
					};
					1E79C5AE1BCC1CFC0087CEC7 = {
						CreatedOnToolsVersion = 7.0.1;
						TestTargetID = 1E79C5871BCC1CFC0087CEC7;
					};
				};
			};
			buildConfigurationList = 1E79C5831BCC1CFC0087CEC7 /* Build configuration list for PBXProject "YHTest" */;
			compatibilityVersion = "Xcode 3.2";
			developmentRegion = English;
			hasScannedForEncodings = 0;
			knownRegions = (
				en,
				Base,
			);
			mainGroup = 1E79C57F1BCC1CFC0087CEC7;
			productRefGroup = 1E79C5891BCC1CFC0087CEC7 /* Products */;
			projectDirPath = "";
			projectRoot = "";
			targets = (
				1E79C5871BCC1CFC0087CEC7 /* YHTest */,
				1E79C5A31BCC1CFC0087CEC7 /* YHTestTests */,
				1E79C5AE1BCC1CFC0087CEC7 /* YHTestUITests */,
			);
		};
/* End PBXProject section */

/* Begin PBXResourcesBuildPhase section */
		1E79C5861BCC1CFC0087CEC7 /* Resources */ = {
			isa = PBXResourcesBuildPhase;
			buildActionMask = 2147483647;
			files = (
				1E79C59E1BCC1CFC0087CEC7 /* LaunchScreen.storyboard in Resources */,
				1E79C59B1BCC1CFC0087CEC7 /* Assets.xcassets in Resources */,
				1E79C5991BCC1CFC0087CEC7 /* Main.storyboard in Resources */,
			);
			runOnlyForDeploymentPostprocessing = 0;
		};
		1E79C5A21BCC1CFC0087CEC7 /* Resources */ = {
			isa = PBXResourcesBuildPhase;
			buildActionMask = 2147483647;
			files = (
			);
			runOnlyForDeploymentPostprocessing = 0;
		};
		1E79C5AD1BCC1CFC0087CEC7 /* Resources */ = {
			isa = PBXResourcesBuildPhase;
			buildActionMask = 2147483647;
			files = (
			);
			runOnlyForDeploymentPostprocessing = 0;
		};
/* End PBXResourcesBuildPhase section */

/* Begin PBXSourcesBuildPhase section */
		1E79C5841BCC1CFC0087CEC7 /* Sources */ = {
			isa = PBXSourcesBuildPhase;
			buildActionMask = 2147483647;
			files = (
				1E79C5901BCC1CFC0087CEC7 /* AppDelegate.m in Sources */,
				1E79C5931BCC1CFC0087CEC7 /* MasterViewController.m in Sources */,
				1E79C58D1BCC1CFC0087CEC7 /* main.m in Sources */,
				1E79C5961BCC1CFC0087CEC7 /* DetailViewController.m in Sources */,
			);
			runOnlyForDeploymentPostprocessing = 0;
		};
		1E79C5A01BCC1CFC0087CEC7 /* Sources */ = {
			isa = PBXSourcesBuildPhase;
			buildActionMask = 2147483647;
			files = (
				1E79C5A91BCC1CFC0087CEC7 /* YHTestTests.m in Sources */,
			);
			runOnlyForDeploymentPostprocessing = 0;
		};
		1E79C5AB1BCC1CFC0087CEC7 /* Sources */ = {
			isa = PBXSourcesBuildPhase;
			buildActionMask = 2147483647;
			files = (
				1E79C5B41BCC1CFC0087CEC7 /* YHTestUITests.m in Sources */,
			);
			runOnlyForDeploymentPostprocessing = 0;
		};
/* End PBXSourcesBuildPhase section */

/* Begin PBXTargetDependency section */
		1E79C5A61BCC1CFC0087CEC7 /* PBXTargetDependency */ = {
			isa = PBXTargetDependency;
			target = 1E79C5871BCC1CFC0087CEC7 /* YHTest */;
			targetProxy = 1E79C5A51BCC1CFC0087CEC7 /* PBXContainerItemProxy */;
		};
		1E79C5B11BCC1CFC0087CEC7 /* PBXTargetDependency */ = {
			isa = PBXTargetDependency;
			target = 1E79C5871BCC1CFC0087CEC7 /* YHTest */;
			targetProxy = 1E79C5B01BCC1CFC0087CEC7 /* PBXContainerItemProxy */;
		};
/* End PBXTargetDependency section */

/* Begin PBXVariantGroup section */
		1E79C5971BCC1CFC0087CEC7 /* Main.storyboard */ = {
			isa = PBXVariantGroup;
			children = (
				1E79C5981BCC1CFC0087CEC7 /* Base */,
			);
			name = Main.storyboard;
			sourceTree = "<group>";
		};
		1E79C59C1BCC1CFC0087CEC7 /* LaunchScreen.storyboard */ = {
			isa = PBXVariantGroup;
			children = (
				1E79C59D1BCC1CFC0087CEC7 /* Base */,
			);
			name = LaunchScreen.storyboard;
			sourceTree = "<group>";
		};
/* End PBXVariantGroup section */

/* Begin XCBuildConfiguration section */
		1E79C5B61BCC1CFC0087CEC7 /* Debug */ = {
			isa = XCBuildConfiguration;
			buildSettings = {
				ALWAYS_SEARCH_USER_PATHS = NO;
				CLANG_CXX_LANGUAGE_STANDARD = "gnu++0x";
				CLANG_CXX_LIBRARY = "libc++";
				CLANG_ENABLE_MODULES = YES;
				CLANG_ENABLE_OBJC_ARC = YES;
				CLANG_WARN_BOOL_CONVERSION = YES;
				CLANG_WARN_CONSTANT_CONVERSION = YES;
				CLANG_WARN_DIRECT_OBJC_ISA_USAGE = YES_ERROR;
				CLANG_WARN_EMPTY_BODY = YES;
				CLANG_WARN_ENUM_CONVERSION = YES;
				CLANG_WARN_INT_CONVERSION = YES;
				CLANG_WARN_OBJC_ROOT_CLASS = YES_ERROR;
				CLANG_WARN_UNREACHABLE_CODE = YES;
				CLANG_WARN__DUPLICATE_METHOD_MATCH = YES;
				"CODE_SIGN_IDENTITY[sdk=iphoneos*]" = "iPhone Developer";
				COPY_PHASE_STRIP = NO;
				DEBUG_INFORMATION_FORMAT = dwarf;
				ENABLE_STRICT_OBJC_MSGSEND = YES;
				ENABLE_TESTABILITY = YES;
				GCC_C_LANGUAGE_STANDARD = gnu99;
				GCC_DYNAMIC_NO_PIC = NO;
				GCC_NO_COMMON_BLOCKS = YES;
				GCC_OPTIMIZATION_LEVEL = 0;
				GCC_PREPROCESSOR_DEFINITIONS = (
					"DEBUG=1",
					"$(inherited)",
				);
				GCC_WARN_64_TO_32_BIT_CONVERSION = YES;
				GCC_WARN_ABOUT_RETURN_TYPE = YES_ERROR;
				GCC_WARN_UNDECLARED_SELECTOR = YES;
				GCC_WARN_UNINITIALIZED_AUTOS = YES_AGGRESSIVE;
				GCC_WARN_UNUSED_FUNCTION = YES;
				GCC_WARN_UNUSED_VARIABLE = YES;
				IPHONEOS_DEPLOYMENT_TARGET = 9.0;
				MTL_ENABLE_DEBUG_INFO = YES;
				ONLY_ACTIVE_ARCH = YES;
				SDKROOT = iphoneos;
			};
			name = Debug;
		};
		1E79C5B71BCC1CFC0087CEC7 /* Release */ = {
			isa = XCBuildConfiguration;
			buildSettings = {
				ALWAYS_SEARCH_USER_PATHS = NO;
				CLANG_CXX_LANGUAGE_STANDARD = "gnu++0x";
				CLANG_CXX_LIBRARY = "libc++";
				CLANG_ENABLE_MODULES = YES;
				CLANG_ENABLE_OBJC_ARC = YES;
				CLANG_WARN_BOOL_CONVERSION = YES;
				CLANG_WARN_CONSTANT_CONVERSION = YES;
				CLANG_WARN_DIRECT_OBJC_ISA_USAGE = YES_ERROR;
				CLANG_WARN_EMPTY_BODY = YES;
				CLANG_WARN_ENUM_CONVERSION = YES;
				CLANG_WARN_INT_CONVERSION = YES;
				CLANG_WARN_OBJC_ROOT_CLASS = YES_ERROR;
				CLANG_WARN_UNREACHABLE_CODE = YES;
				CLANG_WARN__DUPLICATE_METHOD_MATCH = YES;
				"CODE_SIGN_IDENTITY[sdk=iphoneos*]" = "iPhone Developer";
				COPY_PHASE_STRIP = NO;
				DEBUG_INFORMATION_FORMAT = "dwarf-with-dsym";
				ENABLE_NS_ASSERTIONS = NO;
				ENABLE_STRICT_OBJC_MSGSEND = YES;
				GCC_C_LANGUAGE_STANDARD = gnu99;
				GCC_NO_COMMON_BLOCKS = YES;
				GCC_WARN_64_TO_32_BIT_CONVERSION = YES;
				GCC_WARN_ABOUT_RETURN_TYPE = YES_ERROR;
				GCC_WARN_UNDECLARED_SELECTOR = YES;
				GCC_WARN_UNINITIALIZED_AUTOS = YES_AGGRESSIVE;
				GCC_WARN_UNUSED_FUNCTION = YES;
				GCC_WARN_UNUSED_VARIABLE = YES;
				IPHONEOS_DEPLOYMENT_TARGET = 9.0;
				MTL_ENABLE_DEBUG_INFO = NO;
				SDKROOT = iphoneos;
				VALIDATE_PRODUCT = YES;
			};
			name = Release;
		};
		1E79C5B91BCC1CFC0087CEC7 /* Debug */ = {
			isa = XCBuildConfiguration;
			buildSettings = {
				ASSETCATALOG_COMPILER_APPICON_NAME = AppIcon;
				INFOPLIST_FILE = YHTest/Info.plist;
				LD_RUNPATH_SEARCH_PATHS = "$(inherited) @executable_path/Frameworks";
				PRODUCT_BUNDLE_IDENTIFIER = com.doozerstage.YHTest;
				PRODUCT_NAME = "$(TARGET_NAME)";
			};
			name = Debug;
		};
		1E79C5BA1BCC1CFC0087CEC7 /* Release */ = {
			isa = XCBuildConfiguration;
			buildSettings = {
				ASSETCATALOG_COMPILER_APPICON_NAME = AppIcon;
				INFOPLIST_FILE = YHTest/Info.plist;
				LD_RUNPATH_SEARCH_PATHS = "$(inherited) @executable_path/Frameworks";
				PRODUCT_BUNDLE_IDENTIFIER = com.doozerstage.YHTest;
				PRODUCT_NAME = "$(TARGET_NAME)";
			};
			name = Release;
		};
		1E79C5BC1BCC1CFC0087CEC7 /* Debug */ = {
			isa = XCBuildConfiguration;
			buildSettings = {
				BUNDLE_LOADER = "$(TEST_HOST)";
				INFOPLIST_FILE = YHTestTests/Info.plist;
				LD_RUNPATH_SEARCH_PATHS = "$(inherited) @executable_path/Frameworks @loader_path/Frameworks";
				PRODUCT_BUNDLE_IDENTIFIER = com.doozerstage.YHTestTests;
				PRODUCT_NAME = "$(TARGET_NAME)";
				TEST_HOST = "$(BUILT_PRODUCTS_DIR)/YHTest.app/YHTest";
			};
			name = Debug;
		};
		1E79C5BD1BCC1CFC0087CEC7 /* Release */ = {
			isa = XCBuildConfiguration;
			buildSettings = {
				BUNDLE_LOADER = "$(TEST_HOST)";
				INFOPLIST_FILE = YHTestTests/Info.plist;
				LD_RUNPATH_SEARCH_PATHS = "$(inherited) @executable_path/Frameworks @loader_path/Frameworks";
				PRODUCT_BUNDLE_IDENTIFIER = com.doozerstage.YHTestTests;
				PRODUCT_NAME = "$(TARGET_NAME)";
				TEST_HOST = "$(BUILT_PRODUCTS_DIR)/YHTest.app/YHTest";
			};
			name = Release;
		};
		1E79C5BF1BCC1CFC0087CEC7 /* Debug */ = {
			isa = XCBuildConfiguration;
			buildSettings = {
				INFOPLIST_FILE = YHTestUITests/Info.plist;
				LD_RUNPATH_SEARCH_PATHS = "$(inherited) @executable_path/Frameworks @loader_path/Frameworks";
				PRODUCT_BUNDLE_IDENTIFIER = com.doozerstage.YHTestUITests;
				PRODUCT_NAME = "$(TARGET_NAME)";
				TEST_TARGET_NAME = YHTest;
				USES_XCTRUNNER = YES;
			};
			name = Debug;
		};
		1E79C5C01BCC1CFC0087CEC7 /* Release */ = {
			isa = XCBuildConfiguration;
			buildSettings = {
				INFOPLIST_FILE = YHTestUITests/Info.plist;
				LD_RUNPATH_SEARCH_PATHS = "$(inherited) @executable_path/Frameworks @loader_path/Frameworks";
				PRODUCT_BUNDLE_IDENTIFIER = com.doozerstage.YHTestUITests;
				PRODUCT_NAME = "$(TARGET_NAME)";
				TEST_TARGET_NAME = YHTest;
				USES_XCTRUNNER = YES;
			};
			name = Release;
		};
/* End XCBuildConfiguration section */

/* Begin XCConfigurationList section */
		1E79C5831BCC1CFC0087CEC7 /* Build configuration list for PBXProject "YHTest" */ = {
			isa = XCConfigurationList;
			buildConfigurations = (
				1E79C5B61BCC1CFC0087CEC7 /* Debug */,
				1E79C5B71BCC1CFC0087CEC7 /* Release */,
			);
			defaultConfigurationIsVisible = 0;
			defaultConfigurationName = Release;
		};
		1E79C5B81BCC1CFC0087CEC7 /* Build configuration list for PBXNativeTarget "YHTest" */ = {
			isa = XCConfigurationList;
			buildConfigurations = (
				1E79C5B91BCC1CFC0087CEC7 /* Debug */,
				1E79C5BA1BCC1CFC0087CEC7 /* Release */,
			);
			defaultConfigurationIsVisible = 0;
		};
		1E79C5BB1BCC1CFC0087CEC7 /* Build configuration list for PBXNativeTarget "YHTestTests" */ = {
			isa = XCConfigurationList;
			buildConfigurations = (
				1E79C5BC1BCC1CFC0087CEC7 /* Debug */,
				1E79C5BD1BCC1CFC0087CEC7 /* Release */,
			);
			defaultConfigurationIsVisible = 0;
		};
		1E79C5BE1BCC1CFC0087CEC7 /* Build configuration list for PBXNativeTarget "YHTestUITests" */ = {
			isa = XCConfigurationList;
			buildConfigurations = (
				1E79C5BF1BCC1CFC0087CEC7 /* Debug */,
				1E79C5C01BCC1CFC0087CEC7 /* Release */,
			);
			defaultConfigurationIsVisible = 0;
		};
/* End XCConfigurationList section */
	};
	rootObject = 1E79C5801BCC1CFC0087CEC7 /* Project object */;
}
