// !$*UTF8*$!
{
	archiveVersion = 1;
	classes = {
	};
	objectVersion = 46;
	objects = {

/* Begin PBXBuildFile section */
		0EEC1239B248785A5ED0A60A /* libPods.a in Frameworks */ = {isa = PBXBuildFile; fileRef = BD90CE53F09A388AD4EE6176 /* libPods.a */; };
		1E6E09951BFB91B80078153D /* FLKPhoto.m in Sources */ = {isa = PBXBuildFile; fileRef = 1E6E09901BFB91B80078153D /* FLKPhoto.m */; };
		1E6E09961BFB91B80078153D /* FLKPhotos.m in Sources */ = {isa = PBXBuildFile; fileRef = 1E6E09921BFB91B80078153D /* FLKPhotos.m */; };
		1E6E09971BFB91B80078153D /* FLKRecentPhotos.m in Sources */ = {isa = PBXBuildFile; fileRef = 1E6E09941BFB91B80078153D /* FLKRecentPhotos.m */; };
		ACE555CF1BFB4407009549D7 /* main.m in Sources */ = {isa = PBXBuildFile; fileRef = ACE555CE1BFB4407009549D7 /* main.m */; };
		ACE555D21BFB4407009549D7 /* AppDelegate.m in Sources */ = {isa = PBXBuildFile; fileRef = ACE555D11BFB4407009549D7 /* AppDelegate.m */; };
		ACE555D51BFB4407009549D7 /* ViewController.m in Sources */ = {isa = PBXBuildFile; fileRef = ACE555D41BFB4407009549D7 /* ViewController.m */; };
		ACE555D81BFB4407009549D7 /* Main.storyboard in Resources */ = {isa = PBXBuildFile; fileRef = ACE555D61BFB4407009549D7 /* Main.storyboard */; };
		ACE555DA1BFB4407009549D7 /* Assets.xcassets in Resources */ = {isa = PBXBuildFile; fileRef = ACE555D91BFB4407009549D7 /* Assets.xcassets */; };
		ACE555DD1BFB4407009549D7 /* LaunchScreen.storyboard in Resources */ = {isa = PBXBuildFile; fileRef = ACE555DB1BFB4407009549D7 /* LaunchScreen.storyboard */; };
		ACE555E81BFB4407009549D7 /* AsyncImageListTests.m in Sources */ = {isa = PBXBuildFile; fileRef = ACE555E71BFB4407009549D7 /* AsyncImageListTests.m */; };
		ACE555F31BFB4407009549D7 /* AsyncImageListUITests.m in Sources */ = {isa = PBXBuildFile; fileRef = ACE555F21BFB4407009549D7 /* AsyncImageListUITests.m */; };
		ACE5568E1BFB4699009549D7 /* ProgressHUD.bundle in Resources */ = {isa = PBXBuildFile; fileRef = ACE556691BFB4699009549D7 /* ProgressHUD.bundle */; };
		ACE5568F1BFB4699009549D7 /* ProgressHUD.bundle in Resources */ = {isa = PBXBuildFile; fileRef = ACE556691BFB4699009549D7 /* ProgressHUD.bundle */; };
		ACE556901BFB4699009549D7 /* ProgressHUD.m in Sources */ = {isa = PBXBuildFile; fileRef = ACE5566B1BFB4699009549D7 /* ProgressHUD.m */; };
		ACE556911BFB4699009549D7 /* ProgressHUD.m in Sources */ = {isa = PBXBuildFile; fileRef = ACE5566B1BFB4699009549D7 /* ProgressHUD.m */; };
		ACE556921BFB4699009549D7 /* YHCustomActivity.m in Sources */ = {isa = PBXBuildFile; fileRef = ACE5566E1BFB4699009549D7 /* YHCustomActivity.m */; };
		ACE556931BFB4699009549D7 /* YHCustomActivity.m in Sources */ = {isa = PBXBuildFile; fileRef = ACE5566E1BFB4699009549D7 /* YHCustomActivity.m */; };
		ACE556941BFB4699009549D7 /* YHFacebookActivity.m in Sources */ = {isa = PBXBuildFile; fileRef = ACE556721BFB4699009549D7 /* YHFacebookActivity.m */; };
		ACE556951BFB4699009549D7 /* YHFacebookActivity.m in Sources */ = {isa = PBXBuildFile; fileRef = ACE556721BFB4699009549D7 /* YHFacebookActivity.m */; };
		ACE556961BFB4699009549D7 /* YHGoogleLoginViewController.m in Sources */ = {isa = PBXBuildFile; fileRef = ACE556751BFB4699009549D7 /* YHGoogleLoginViewController.m */; };
		ACE556971BFB4699009549D7 /* YHGoogleLoginViewController.m in Sources */ = {isa = PBXBuildFile; fileRef = ACE556751BFB4699009549D7 /* YHGoogleLoginViewController.m */; };
		ACE556981BFB4699009549D7 /* YHGoogleLoginViewController.xib in Resources */ = {isa = PBXBuildFile; fileRef = ACE556761BFB4699009549D7 /* YHGoogleLoginViewController.xib */; };
		ACE556991BFB4699009549D7 /* YHGoogleLoginViewController.xib in Resources */ = {isa = PBXBuildFile; fileRef = ACE556761BFB4699009549D7 /* YHGoogleLoginViewController.xib */; };
		ACE5569A1BFB4699009549D7 /* YHGooglePlusActivity.m in Sources */ = {isa = PBXBuildFile; fileRef = ACE556781BFB4699009549D7 /* YHGooglePlusActivity.m */; };
		ACE5569B1BFB4699009549D7 /* YHGooglePlusActivity.m in Sources */ = {isa = PBXBuildFile; fileRef = ACE556781BFB4699009549D7 /* YHGooglePlusActivity.m */; };
		ACE5569C1BFB4699009549D7 /* YHModel.m in Sources */ = {isa = PBXBuildFile; fileRef = ACE5567B1BFB4699009549D7 /* YHModel.m */; };
		ACE5569D1BFB4699009549D7 /* YHModel.m in Sources */ = {isa = PBXBuildFile; fileRef = ACE5567B1BFB4699009549D7 /* YHModel.m */; };
		ACE5569E1BFB4699009549D7 /* YHNetwork.m in Sources */ = {isa = PBXBuildFile; fileRef = ACE5567D1BFB4699009549D7 /* YHNetwork.m */; };
		ACE5569F1BFB4699009549D7 /* YHNetwork.m in Sources */ = {isa = PBXBuildFile; fileRef = ACE5567D1BFB4699009549D7 /* YHNetwork.m */; };
		ACE556A01BFB4699009549D7 /* YHPushModel.m in Sources */ = {isa = PBXBuildFile; fileRef = ACE5567F1BFB4699009549D7 /* YHPushModel.m */; };
		ACE556A11BFB4699009549D7 /* YHPushModel.m in Sources */ = {isa = PBXBuildFile; fileRef = ACE5567F1BFB4699009549D7 /* YHPushModel.m */; };
		ACE556A21BFB4699009549D7 /* YHSnsModel.m in Sources */ = {isa = PBXBuildFile; fileRef = ACE556811BFB4699009549D7 /* YHSnsModel.m */; };
		ACE556A31BFB4699009549D7 /* YHSnsModel.m in Sources */ = {isa = PBXBuildFile; fileRef = ACE556811BFB4699009549D7 /* YHSnsModel.m */; };
		ACE556A41BFB4699009549D7 /* YHTableViewCell.m in Sources */ = {isa = PBXBuildFile; fileRef = ACE556831BFB4699009549D7 /* YHTableViewCell.m */; };
		ACE556A51BFB4699009549D7 /* YHTableViewCell.m in Sources */ = {isa = PBXBuildFile; fileRef = ACE556831BFB4699009549D7 /* YHTableViewCell.m */; };
		ACE556A61BFB4699009549D7 /* YHTools.m in Sources */ = {isa = PBXBuildFile; fileRef = ACE556851BFB4699009549D7 /* YHTools.m */; };
		ACE556A71BFB4699009549D7 /* YHTools.m in Sources */ = {isa = PBXBuildFile; fileRef = ACE556851BFB4699009549D7 /* YHTools.m */; };
		ACE556A81BFB4699009549D7 /* YHTwitterActivity.m in Sources */ = {isa = PBXBuildFile; fileRef = ACE556871BFB4699009549D7 /* YHTwitterActivity.m */; };
		ACE556A91BFB4699009549D7 /* YHTwitterActivity.m in Sources */ = {isa = PBXBuildFile; fileRef = ACE556871BFB4699009549D7 /* YHTwitterActivity.m */; };
		ACE556AA1BFB4699009549D7 /* YHVariableObject.m in Sources */ = {isa = PBXBuildFile; fileRef = ACE556891BFB4699009549D7 /* YHVariableObject.m */; };
		ACE556AB1BFB4699009549D7 /* YHVariableObject.m in Sources */ = {isa = PBXBuildFile; fileRef = ACE556891BFB4699009549D7 /* YHVariableObject.m */; };
		ACE556AC1BFB4699009549D7 /* YHView.m in Sources */ = {isa = PBXBuildFile; fileRef = ACE5568B1BFB4699009549D7 /* YHView.m */; };
		ACE556AD1BFB4699009549D7 /* YHView.m in Sources */ = {isa = PBXBuildFile; fileRef = ACE5568B1BFB4699009549D7 /* YHView.m */; };
		ACE556AE1BFB4699009549D7 /* YHViewController.m in Sources */ = {isa = PBXBuildFile; fileRef = ACE5568D1BFB4699009549D7 /* YHViewController.m */; };
		ACE556AF1BFB4699009549D7 /* YHViewController.m in Sources */ = {isa = PBXBuildFile; fileRef = ACE5568D1BFB4699009549D7 /* YHViewController.m */; };
		ACED00261BFC20EE00D620AD /* EKOriginImage.m in Sources */ = {isa = PBXBuildFile; fileRef = ACED00211BFC20EE00D620AD /* EKOriginImage.m */; };
		ACED00271BFC20EE00D620AD /* EKRecentModel.m in Sources */ = {isa = PBXBuildFile; fileRef = ACED00231BFC20EE00D620AD /* EKRecentModel.m */; };
		ACED00281BFC20EE00D620AD /* EKThumbnailImage.m in Sources */ = {isa = PBXBuildFile; fileRef = ACED00251BFC20EE00D620AD /* EKThumbnailImage.m */; };
/* End PBXBuildFile section */

/* Begin PBXContainerItemProxy section */
		ACE555E41BFB4407009549D7 /* PBXContainerItemProxy */ = {
			isa = PBXContainerItemProxy;
			containerPortal = ACE555C21BFB4407009549D7 /* Project object */;
			proxyType = 1;
			remoteGlobalIDString = ACE555C91BFB4407009549D7;
			remoteInfo = AsyncImageList;
		};
		ACE555EF1BFB4407009549D7 /* PBXContainerItemProxy */ = {
			isa = PBXContainerItemProxy;
			containerPortal = ACE555C21BFB4407009549D7 /* Project object */;
			proxyType = 1;
			remoteGlobalIDString = ACE555C91BFB4407009549D7;
			remoteInfo = AsyncImageList;
		};
/* End PBXContainerItemProxy section */

/* Begin PBXFileReference section */
		1E6E098E1BFB91B80078153D /* DataModels.h */ = {isa = PBXFileReference; fileEncoding = 4; lastKnownFileType = sourcecode.c.h; path = DataModels.h; sourceTree = "<group>"; };
		1E6E098F1BFB91B80078153D /* FLKPhoto.h */ = {isa = PBXFileReference; fileEncoding = 4; lastKnownFileType = sourcecode.c.h; path = FLKPhoto.h; sourceTree = "<group>"; };
		1E6E09901BFB91B80078153D /* FLKPhoto.m */ = {isa = PBXFileReference; fileEncoding = 4; lastKnownFileType = sourcecode.c.objc; path = FLKPhoto.m; sourceTree = "<group>"; };
		1E6E09911BFB91B80078153D /* FLKPhotos.h */ = {isa = PBXFileReference; fileEncoding = 4; lastKnownFileType = sourcecode.c.h; path = FLKPhotos.h; sourceTree = "<group>"; };
		1E6E09921BFB91B80078153D /* FLKPhotos.m */ = {isa = PBXFileReference; fileEncoding = 4; lastKnownFileType = sourcecode.c.objc; path = FLKPhotos.m; sourceTree = "<group>"; };
		1E6E09931BFB91B80078153D /* FLKRecentPhotos.h */ = {isa = PBXFileReference; fileEncoding = 4; lastKnownFileType = sourcecode.c.h; path = FLKRecentPhotos.h; sourceTree = "<group>"; };
		1E6E09941BFB91B80078153D /* FLKRecentPhotos.m */ = {isa = PBXFileReference; fileEncoding = 4; lastKnownFileType = sourcecode.c.objc; path = FLKRecentPhotos.m; sourceTree = "<group>"; };
		ACE555CA1BFB4407009549D7 /* AsyncImageList.app */ = {isa = PBXFileReference; explicitFileType = wrapper.application; includeInIndex = 0; path = AsyncImageList.app; sourceTree = BUILT_PRODUCTS_DIR; };
		ACE555CE1BFB4407009549D7 /* main.m */ = {isa = PBXFileReference; lastKnownFileType = sourcecode.c.objc; path = main.m; sourceTree = "<group>"; };
		ACE555D01BFB4407009549D7 /* AppDelegate.h */ = {isa = PBXFileReference; lastKnownFileType = sourcecode.c.h; path = AppDelegate.h; sourceTree = "<group>"; };
		ACE555D11BFB4407009549D7 /* AppDelegate.m */ = {isa = PBXFileReference; lastKnownFileType = sourcecode.c.objc; path = AppDelegate.m; sourceTree = "<group>"; };
		ACE555D31BFB4407009549D7 /* ViewController.h */ = {isa = PBXFileReference; lastKnownFileType = sourcecode.c.h; path = ViewController.h; sourceTree = "<group>"; };
		ACE555D41BFB4407009549D7 /* ViewController.m */ = {isa = PBXFileReference; lastKnownFileType = sourcecode.c.objc; path = ViewController.m; sourceTree = "<group>"; };
		ACE555D71BFB4407009549D7 /* Base */ = {isa = PBXFileReference; lastKnownFileType = file.storyboard; name = Base; path = Base.lproj/Main.storyboard; sourceTree = "<group>"; };
		ACE555D91BFB4407009549D7 /* Assets.xcassets */ = {isa = PBXFileReference; lastKnownFileType = folder.assetcatalog; path = Assets.xcassets; sourceTree = "<group>"; };
		ACE555DC1BFB4407009549D7 /* Base */ = {isa = PBXFileReference; lastKnownFileType = file.storyboard; name = Base; path = Base.lproj/LaunchScreen.storyboard; sourceTree = "<group>"; };
		ACE555DE1BFB4407009549D7 /* Info.plist */ = {isa = PBXFileReference; lastKnownFileType = text.plist.xml; path = Info.plist; sourceTree = "<group>"; };
		ACE555E31BFB4407009549D7 /* AsyncImageListTests.xctest */ = {isa = PBXFileReference; explicitFileType = wrapper.cfbundle; includeInIndex = 0; path = AsyncImageListTests.xctest; sourceTree = BUILT_PRODUCTS_DIR; };
		ACE555E71BFB4407009549D7 /* AsyncImageListTests.m */ = {isa = PBXFileReference; lastKnownFileType = sourcecode.c.objc; path = AsyncImageListTests.m; sourceTree = "<group>"; };
		ACE555E91BFB4407009549D7 /* Info.plist */ = {isa = PBXFileReference; lastKnownFileType = text.plist.xml; path = Info.plist; sourceTree = "<group>"; };
		ACE555EE1BFB4407009549D7 /* AsyncImageListUITests.xctest */ = {isa = PBXFileReference; explicitFileType = wrapper.cfbundle; includeInIndex = 0; path = AsyncImageListUITests.xctest; sourceTree = BUILT_PRODUCTS_DIR; };
		ACE555F21BFB4407009549D7 /* AsyncImageListUITests.m */ = {isa = PBXFileReference; lastKnownFileType = sourcecode.c.objc; path = AsyncImageListUITests.m; sourceTree = "<group>"; };
		ACE555F41BFB4407009549D7 /* Info.plist */ = {isa = PBXFileReference; lastKnownFileType = text.plist.xml; path = Info.plist; sourceTree = "<group>"; };
		ACE556691BFB4699009549D7 /* ProgressHUD.bundle */ = {isa = PBXFileReference; lastKnownFileType = "wrapper.plug-in"; path = ProgressHUD.bundle; sourceTree = "<group>"; };
		ACE5566A1BFB4699009549D7 /* ProgressHUD.h */ = {isa = PBXFileReference; fileEncoding = 4; lastKnownFileType = sourcecode.c.h; path = ProgressHUD.h; sourceTree = "<group>"; };
		ACE5566B1BFB4699009549D7 /* ProgressHUD.m */ = {isa = PBXFileReference; fileEncoding = 4; lastKnownFileType = sourcecode.c.objc; path = ProgressHUD.m; sourceTree = "<group>"; };
		ACE5566C1BFB4699009549D7 /* YHConfig.h */ = {isa = PBXFileReference; fileEncoding = 4; lastKnownFileType = sourcecode.c.h; path = YHConfig.h; sourceTree = "<group>"; };
		ACE5566D1BFB4699009549D7 /* YHCustomActivity.h */ = {isa = PBXFileReference; fileEncoding = 4; lastKnownFileType = sourcecode.c.h; path = YHCustomActivity.h; sourceTree = "<group>"; };
		ACE5566E1BFB4699009549D7 /* YHCustomActivity.m */ = {isa = PBXFileReference; fileEncoding = 4; lastKnownFileType = sourcecode.c.objc; path = YHCustomActivity.m; sourceTree = "<group>"; };
		ACE5566F1BFB4699009549D7 /* YHDebugLog.h */ = {isa = PBXFileReference; fileEncoding = 4; lastKnownFileType = sourcecode.c.h; path = YHDebugLog.h; sourceTree = "<group>"; };
		ACE556701BFB4699009549D7 /* YHDevTools.h */ = {isa = PBXFileReference; fileEncoding = 4; lastKnownFileType = sourcecode.c.h; path = YHDevTools.h; sourceTree = "<group>"; };
		ACE556711BFB4699009549D7 /* YHFacebookActivity.h */ = {isa = PBXFileReference; fileEncoding = 4; lastKnownFileType = sourcecode.c.h; path = YHFacebookActivity.h; sourceTree = "<group>"; };
		ACE556721BFB4699009549D7 /* YHFacebookActivity.m */ = {isa = PBXFileReference; fileEncoding = 4; lastKnownFileType = sourcecode.c.objc; path = YHFacebookActivity.m; sourceTree = "<group>"; };
		ACE556731BFB4699009549D7 /* YHGlobal.h */ = {isa = PBXFileReference; fileEncoding = 4; lastKnownFileType = sourcecode.c.h; path = YHGlobal.h; sourceTree = "<group>"; };
		ACE556741BFB4699009549D7 /* YHGoogleLoginViewController.h */ = {isa = PBXFileReference; fileEncoding = 4; lastKnownFileType = sourcecode.c.h; path = YHGoogleLoginViewController.h; sourceTree = "<group>"; };
		ACE556751BFB4699009549D7 /* YHGoogleLoginViewController.m */ = {isa = PBXFileReference; fileEncoding = 4; lastKnownFileType = sourcecode.c.objc; path = YHGoogleLoginViewController.m; sourceTree = "<group>"; };
		ACE556761BFB4699009549D7 /* YHGoogleLoginViewController.xib */ = {isa = PBXFileReference; fileEncoding = 4; lastKnownFileType = file.xib; path = YHGoogleLoginViewController.xib; sourceTree = "<group>"; };
		ACE556771BFB4699009549D7 /* YHGooglePlusActivity.h */ = {isa = PBXFileReference; fileEncoding = 4; lastKnownFileType = sourcecode.c.h; path = YHGooglePlusActivity.h; sourceTree = "<group>"; };
		ACE556781BFB4699009549D7 /* YHGooglePlusActivity.m */ = {isa = PBXFileReference; fileEncoding = 4; lastKnownFileType = sourcecode.c.objc; path = YHGooglePlusActivity.m; sourceTree = "<group>"; };
		ACE556791BFB4699009549D7 /* YHLayout.h */ = {isa = PBXFileReference; fileEncoding = 4; lastKnownFileType = sourcecode.c.h; path = YHLayout.h; sourceTree = "<group>"; };
		ACE5567A1BFB4699009549D7 /* YHModel.h */ = {isa = PBXFileReference; fileEncoding = 4; lastKnownFileType = sourcecode.c.h; path = YHModel.h; sourceTree = "<group>"; };
		ACE5567B1BFB4699009549D7 /* YHModel.m */ = {isa = PBXFileReference; fileEncoding = 4; lastKnownFileType = sourcecode.c.objc; path = YHModel.m; sourceTree = "<group>"; };
		ACE5567C1BFB4699009549D7 /* YHNetwork.h */ = {isa = PBXFileReference; fileEncoding = 4; lastKnownFileType = sourcecode.c.h; path = YHNetwork.h; sourceTree = "<group>"; };
		ACE5567D1BFB4699009549D7 /* YHNetwork.m */ = {isa = PBXFileReference; fileEncoding = 4; lastKnownFileType = sourcecode.c.objc; path = YHNetwork.m; sourceTree = "<group>"; };
		ACE5567E1BFB4699009549D7 /* YHPushModel.h */ = {isa = PBXFileReference; fileEncoding = 4; lastKnownFileType = sourcecode.c.h; path = YHPushModel.h; sourceTree = "<group>"; };
		ACE5567F1BFB4699009549D7 /* YHPushModel.m */ = {isa = PBXFileReference; fileEncoding = 4; lastKnownFileType = sourcecode.c.objc; path = YHPushModel.m; sourceTree = "<group>"; };
		ACE556801BFB4699009549D7 /* YHSnsModel.h */ = {isa = PBXFileReference; fileEncoding = 4; lastKnownFileType = sourcecode.c.h; path = YHSnsModel.h; sourceTree = "<group>"; };
		ACE556811BFB4699009549D7 /* YHSnsModel.m */ = {isa = PBXFileReference; fileEncoding = 4; lastKnownFileType = sourcecode.c.objc; path = YHSnsModel.m; sourceTree = "<group>"; };
		ACE556821BFB4699009549D7 /* YHTableViewCell.h */ = {isa = PBXFileReference; fileEncoding = 4; lastKnownFileType = sourcecode.c.h; path = YHTableViewCell.h; sourceTree = "<group>"; };
		ACE556831BFB4699009549D7 /* YHTableViewCell.m */ = {isa = PBXFileReference; fileEncoding = 4; lastKnownFileType = sourcecode.c.objc; path = YHTableViewCell.m; sourceTree = "<group>"; };
		ACE556841BFB4699009549D7 /* YHTools.h */ = {isa = PBXFileReference; fileEncoding = 4; lastKnownFileType = sourcecode.c.h; path = YHTools.h; sourceTree = "<group>"; };
		ACE556851BFB4699009549D7 /* YHTools.m */ = {isa = PBXFileReference; fileEncoding = 4; lastKnownFileType = sourcecode.c.objc; path = YHTools.m; sourceTree = "<group>"; };
		ACE556861BFB4699009549D7 /* YHTwitterActivity.h */ = {isa = PBXFileReference; fileEncoding = 4; lastKnownFileType = sourcecode.c.h; path = YHTwitterActivity.h; sourceTree = "<group>"; };
		ACE556871BFB4699009549D7 /* YHTwitterActivity.m */ = {isa = PBXFileReference; fileEncoding = 4; lastKnownFileType = sourcecode.c.objc; path = YHTwitterActivity.m; sourceTree = "<group>"; };
		ACE556881BFB4699009549D7 /* YHVariableObject.h */ = {isa = PBXFileReference; fileEncoding = 4; lastKnownFileType = sourcecode.c.h; path = YHVariableObject.h; sourceTree = "<group>"; };
		ACE556891BFB4699009549D7 /* YHVariableObject.m */ = {isa = PBXFileReference; fileEncoding = 4; lastKnownFileType = sourcecode.c.objc; path = YHVariableObject.m; sourceTree = "<group>"; };
		ACE5568A1BFB4699009549D7 /* YHView.h */ = {isa = PBXFileReference; fileEncoding = 4; lastKnownFileType = sourcecode.c.h; path = YHView.h; sourceTree = "<group>"; };
		ACE5568B1BFB4699009549D7 /* YHView.m */ = {isa = PBXFileReference; fileEncoding = 4; lastKnownFileType = sourcecode.c.objc; path = YHView.m; sourceTree = "<group>"; };
		ACE5568C1BFB4699009549D7 /* YHViewController.h */ = {isa = PBXFileReference; fileEncoding = 4; lastKnownFileType = sourcecode.c.h; path = YHViewController.h; sourceTree = "<group>"; };
		ACE5568D1BFB4699009549D7 /* YHViewController.m */ = {isa = PBXFileReference; fileEncoding = 4; lastKnownFileType = sourcecode.c.objc; path = YHViewController.m; sourceTree = "<group>"; };
		ACE556B01BFB46DF009549D7 /* PrefixHeader.pch */ = {isa = PBXFileReference; fileEncoding = 4; lastKnownFileType = sourcecode.c.h; path = PrefixHeader.pch; sourceTree = "<group>"; };
		ACED00201BFC20EE00D620AD /* EKOriginImage.h */ = {isa = PBXFileReference; fileEncoding = 4; lastKnownFileType = sourcecode.c.h; path = EKOriginImage.h; sourceTree = "<group>"; };
		ACED00211BFC20EE00D620AD /* EKOriginImage.m */ = {isa = PBXFileReference; fileEncoding = 4; lastKnownFileType = sourcecode.c.objc; path = EKOriginImage.m; sourceTree = "<group>"; };
		ACED00221BFC20EE00D620AD /* EKRecentModel.h */ = {isa = PBXFileReference; fileEncoding = 4; lastKnownFileType = sourcecode.c.h; path = EKRecentModel.h; sourceTree = "<group>"; };
		ACED00231BFC20EE00D620AD /* EKRecentModel.m */ = {isa = PBXFileReference; fileEncoding = 4; lastKnownFileType = sourcecode.c.objc; path = EKRecentModel.m; sourceTree = "<group>"; };
		ACED00241BFC20EE00D620AD /* EKThumbnailImage.h */ = {isa = PBXFileReference; fileEncoding = 4; lastKnownFileType = sourcecode.c.h; path = EKThumbnailImage.h; sourceTree = "<group>"; };
		ACED00251BFC20EE00D620AD /* EKThumbnailImage.m */ = {isa = PBXFileReference; fileEncoding = 4; lastKnownFileType = sourcecode.c.objc; path = EKThumbnailImage.m; sourceTree = "<group>"; };
		BD90CE53F09A388AD4EE6176 /* libPods.a */ = {isa = PBXFileReference; explicitFileType = archive.ar; includeInIndex = 0; path = libPods.a; sourceTree = BUILT_PRODUCTS_DIR; };
		D4993BBDFCA468910DA7347D /* Pods.debug.xcconfig */ = {isa = PBXFileReference; includeInIndex = 1; lastKnownFileType = text.xcconfig; name = Pods.debug.xcconfig; path = "Pods/Target Support Files/Pods/Pods.debug.xcconfig"; sourceTree = "<group>"; };
		EDCF53445D398A6030564F40 /* Pods.release.xcconfig */ = {isa = PBXFileReference; includeInIndex = 1; lastKnownFileType = text.xcconfig; name = Pods.release.xcconfig; path = "Pods/Target Support Files/Pods/Pods.release.xcconfig"; sourceTree = "<group>"; };
/* End PBXFileReference section */

/* Begin PBXFrameworksBuildPhase section */
		ACE555C71BFB4407009549D7 /* Frameworks */ = {
			isa = PBXFrameworksBuildPhase;
			buildActionMask = 2147483647;
			files = (
				0EEC1239B248785A5ED0A60A /* libPods.a in Frameworks */,
			);
			runOnlyForDeploymentPostprocessing = 0;
		};
		ACE555E01BFB4407009549D7 /* Frameworks */ = {
			isa = PBXFrameworksBuildPhase;
			buildActionMask = 2147483647;
			files = (
			);
			runOnlyForDeploymentPostprocessing = 0;
		};
		ACE555EB1BFB4407009549D7 /* Frameworks */ = {
			isa = PBXFrameworksBuildPhase;
			buildActionMask = 2147483647;
			files = (
			);
			runOnlyForDeploymentPostprocessing = 0;
		};
/* End PBXFrameworksBuildPhase section */

/* Begin PBXGroup section */
		56DFE84CA1AAF17ADEDBF71A /* Frameworks */ = {
			isa = PBXGroup;
			children = (
				BD90CE53F09A388AD4EE6176 /* libPods.a */,
			);
			name = Frameworks;
			sourceTree = "<group>";
		};
		7B7914097DC1B4A22AD51192 /* Pods */ = {
			isa = PBXGroup;
			children = (
				D4993BBDFCA468910DA7347D /* Pods.debug.xcconfig */,
				EDCF53445D398A6030564F40 /* Pods.release.xcconfig */,
			);
			name = Pods;
			sourceTree = "<group>";
		};
		ACE555C11BFB4407009549D7 = {
			isa = PBXGroup;
			children = (
				ACE555CC1BFB4407009549D7 /* AsyncImageList */,
				ACE555E61BFB4407009549D7 /* AsyncImageListTests */,
				ACE555F11BFB4407009549D7 /* AsyncImageListUITests */,
				ACE555CB1BFB4407009549D7 /* Products */,
				7B7914097DC1B4A22AD51192 /* Pods */,
				56DFE84CA1AAF17ADEDBF71A /* Frameworks */,
			);
			sourceTree = "<group>";
		};
		ACE555CB1BFB4407009549D7 /* Products */ = {
			isa = PBXGroup;
			children = (
				ACE555CA1BFB4407009549D7 /* AsyncImageList.app */,
				ACE555E31BFB4407009549D7 /* AsyncImageListTests.xctest */,
				ACE555EE1BFB4407009549D7 /* AsyncImageListUITests.xctest */,
			);
			name = Products;
			sourceTree = "<group>";
		};
		ACE555CC1BFB4407009549D7 /* AsyncImageList */ = {
			isa = PBXGroup;
			children = (
				ACED00201BFC20EE00D620AD /* EKOriginImage.h */,
				ACED00211BFC20EE00D620AD /* EKOriginImage.m */,
				ACED00221BFC20EE00D620AD /* EKRecentModel.h */,
				ACED00231BFC20EE00D620AD /* EKRecentModel.m */,
				ACED00241BFC20EE00D620AD /* EKThumbnailImage.h */,
				ACED00251BFC20EE00D620AD /* EKThumbnailImage.m */,
				1E6E098E1BFB91B80078153D /* DataModels.h */,
				1E6E098F1BFB91B80078153D /* FLKPhoto.h */,
				1E6E09901BFB91B80078153D /* FLKPhoto.m */,
				1E6E09911BFB91B80078153D /* FLKPhotos.h */,
				1E6E09921BFB91B80078153D /* FLKPhotos.m */,
				1E6E09931BFB91B80078153D /* FLKRecentPhotos.h */,
				1E6E09941BFB91B80078153D /* FLKRecentPhotos.m */,
				ACE555D01BFB4407009549D7 /* AppDelegate.h */,
				ACE555D11BFB4407009549D7 /* AppDelegate.m */,
				ACE555D31BFB4407009549D7 /* ViewController.h */,
				ACE555D41BFB4407009549D7 /* ViewController.m */,
				ACE555D61BFB4407009549D7 /* Main.storyboard */,
				ACE555D91BFB4407009549D7 /* Assets.xcassets */,
				ACE555DB1BFB4407009549D7 /* LaunchScreen.storyboard */,
				ACE555DE1BFB4407009549D7 /* Info.plist */,
				ACE556671BFB4699009549D7 /* Common */,
				ACE555CD1BFB4407009549D7 /* Supporting Files */,
			);
			path = AsyncImageList;
			sourceTree = "<group>";
		};
		ACE555CD1BFB4407009549D7 /* Supporting Files */ = {
			isa = PBXGroup;
			children = (
				ACE555CE1BFB4407009549D7 /* main.m */,
				ACE556B01BFB46DF009549D7 /* PrefixHeader.pch */,
			);
			name = "Supporting Files";
			sourceTree = "<group>";
		};
		ACE555E61BFB4407009549D7 /* AsyncImageListTests */ = {
			isa = PBXGroup;
			children = (
				ACE555E71BFB4407009549D7 /* AsyncImageListTests.m */,
				ACE555E91BFB4407009549D7 /* Info.plist */,
			);
			path = AsyncImageListTests;
			sourceTree = "<group>";
		};
		ACE555F11BFB4407009549D7 /* AsyncImageListUITests */ = {
			isa = PBXGroup;
			children = (
				ACE555F21BFB4407009549D7 /* AsyncImageListUITests.m */,
				ACE555F41BFB4407009549D7 /* Info.plist */,
			);
			path = AsyncImageListUITests;
			sourceTree = "<group>";
		};
		ACE556671BFB4699009549D7 /* Common */ = {
			isa = PBXGroup;
			children = (
				ACE556681BFB4699009549D7 /* ProgressHUD */,
				ACE5566C1BFB4699009549D7 /* YHConfig.h */,
				ACE5566D1BFB4699009549D7 /* YHCustomActivity.h */,
				ACE5566E1BFB4699009549D7 /* YHCustomActivity.m */,
				ACE5566F1BFB4699009549D7 /* YHDebugLog.h */,
				ACE556701BFB4699009549D7 /* YHDevTools.h */,
				ACE556711BFB4699009549D7 /* YHFacebookActivity.h */,
				ACE556721BFB4699009549D7 /* YHFacebookActivity.m */,
				ACE556731BFB4699009549D7 /* YHGlobal.h */,
				ACE556741BFB4699009549D7 /* YHGoogleLoginViewController.h */,
				ACE556751BFB4699009549D7 /* YHGoogleLoginViewController.m */,
				ACE556761BFB4699009549D7 /* YHGoogleLoginViewController.xib */,
				ACE556771BFB4699009549D7 /* YHGooglePlusActivity.h */,
				ACE556781BFB4699009549D7 /* YHGooglePlusActivity.m */,
				ACE556791BFB4699009549D7 /* YHLayout.h */,
				ACE5567A1BFB4699009549D7 /* YHModel.h */,
				ACE5567B1BFB4699009549D7 /* YHModel.m */,
				ACE5567C1BFB4699009549D7 /* YHNetwork.h */,
				ACE5567D1BFB4699009549D7 /* YHNetwork.m */,
				ACE5567E1BFB4699009549D7 /* YHPushModel.h */,
				ACE5567F1BFB4699009549D7 /* YHPushModel.m */,
				ACE556801BFB4699009549D7 /* YHSnsModel.h */,
				ACE556811BFB4699009549D7 /* YHSnsModel.m */,
				ACE556821BFB4699009549D7 /* YHTableViewCell.h */,
				ACE556831BFB4699009549D7 /* YHTableViewCell.m */,
				ACE556841BFB4699009549D7 /* YHTools.h */,
				ACE556851BFB4699009549D7 /* YHTools.m */,
				ACE556861BFB4699009549D7 /* YHTwitterActivity.h */,
				ACE556871BFB4699009549D7 /* YHTwitterActivity.m */,
				ACE556881BFB4699009549D7 /* YHVariableObject.h */,
				ACE556891BFB4699009549D7 /* YHVariableObject.m */,
				ACE5568A1BFB4699009549D7 /* YHView.h */,
				ACE5568B1BFB4699009549D7 /* YHView.m */,
				ACE5568C1BFB4699009549D7 /* YHViewController.h */,
				ACE5568D1BFB4699009549D7 /* YHViewController.m */,
			);
			path = Common;
			sourceTree = "<group>";
		};
		ACE556681BFB4699009549D7 /* ProgressHUD */ = {
			isa = PBXGroup;
			children = (
				ACE556691BFB4699009549D7 /* ProgressHUD.bundle */,
				ACE5566A1BFB4699009549D7 /* ProgressHUD.h */,
				ACE5566B1BFB4699009549D7 /* ProgressHUD.m */,
			);
			path = ProgressHUD;
			sourceTree = "<group>";
		};
/* End PBXGroup section */

/* Begin PBXNativeTarget section */
		ACE555C91BFB4407009549D7 /* AsyncImageList */ = {
			isa = PBXNativeTarget;
			buildConfigurationList = ACE555F71BFB4407009549D7 /* Build configuration list for PBXNativeTarget "AsyncImageList" */;
			buildPhases = (
				8B876D9150FADBDC7F2B5512 /* Check Pods Manifest.lock */,
				ACE555C61BFB4407009549D7 /* Sources */,
				ACE555C71BFB4407009549D7 /* Frameworks */,
				ACE555C81BFB4407009549D7 /* Resources */,
				D73035015A45960711041E81 /* Embed Pods Frameworks */,
				EE36EA4EE024F28F7797A40E /* Copy Pods Resources */,
			);
			buildRules = (
			);
			dependencies = (
			);
			name = AsyncImageList;
			productName = AsyncImageList;
			productReference = ACE555CA1BFB4407009549D7 /* AsyncImageList.app */;
			productType = "com.apple.product-type.application";
		};
		ACE555E21BFB4407009549D7 /* AsyncImageListTests */ = {
			isa = PBXNativeTarget;
			buildConfigurationList = ACE555FA1BFB4407009549D7 /* Build configuration list for PBXNativeTarget "AsyncImageListTests" */;
			buildPhases = (
				ACE555DF1BFB4407009549D7 /* Sources */,
				ACE555E01BFB4407009549D7 /* Frameworks */,
				ACE555E11BFB4407009549D7 /* Resources */,
			);
			buildRules = (
			);
			dependencies = (
				ACE555E51BFB4407009549D7 /* PBXTargetDependency */,
			);
			name = AsyncImageListTests;
			productName = AsyncImageListTests;
			productReference = ACE555E31BFB4407009549D7 /* AsyncImageListTests.xctest */;
			productType = "com.apple.product-type.bundle.unit-test";
		};
		ACE555ED1BFB4407009549D7 /* AsyncImageListUITests */ = {
			isa = PBXNativeTarget;
			buildConfigurationList = ACE555FD1BFB4407009549D7 /* Build configuration list for PBXNativeTarget "AsyncImageListUITests" */;
			buildPhases = (
				ACE555EA1BFB4407009549D7 /* Sources */,
				ACE555EB1BFB4407009549D7 /* Frameworks */,
				ACE555EC1BFB4407009549D7 /* Resources */,
			);
			buildRules = (
			);
			dependencies = (
				ACE555F01BFB4407009549D7 /* PBXTargetDependency */,
			);
			name = AsyncImageListUITests;
			productName = AsyncImageListUITests;
			productReference = ACE555EE1BFB4407009549D7 /* AsyncImageListUITests.xctest */;
			productType = "com.apple.product-type.bundle.ui-testing";
		};
/* End PBXNativeTarget section */

/* Begin PBXProject section */
		ACE555C21BFB4407009549D7 /* Project object */ = {
			isa = PBXProject;
			attributes = {
				LastUpgradeCheck = 0710;
				ORGANIZATIONNAME = DEV_TEAM1_IOS;
				TargetAttributes = {
					ACE555C91BFB4407009549D7 = {
						CreatedOnToolsVersion = 7.1;
					};
					ACE555E21BFB4407009549D7 = {
						CreatedOnToolsVersion = 7.1;
						TestTargetID = ACE555C91BFB4407009549D7;
					};
					ACE555ED1BFB4407009549D7 = {
						CreatedOnToolsVersion = 7.1;
						TestTargetID = ACE555C91BFB4407009549D7;
					};
				};
			};
			buildConfigurationList = ACE555C51BFB4407009549D7 /* Build configuration list for PBXProject "AsyncImageList" */;
			compatibilityVersion = "Xcode 3.2";
			developmentRegion = English;
			hasScannedForEncodings = 0;
			knownRegions = (
				en,
				Base,
			);
			mainGroup = ACE555C11BFB4407009549D7;
			productRefGroup = ACE555CB1BFB4407009549D7 /* Products */;
			projectDirPath = "";
			projectRoot = "";
			targets = (
				ACE555C91BFB4407009549D7 /* AsyncImageList */,
				ACE555E21BFB4407009549D7 /* AsyncImageListTests */,
				ACE555ED1BFB4407009549D7 /* AsyncImageListUITests */,
			);
		};
/* End PBXProject section */

/* Begin PBXResourcesBuildPhase section */
		ACE555C81BFB4407009549D7 /* Resources */ = {
			isa = PBXResourcesBuildPhase;
			buildActionMask = 2147483647;
			files = (
				ACE556981BFB4699009549D7 /* YHGoogleLoginViewController.xib in Resources */,
				ACE5568E1BFB4699009549D7 /* ProgressHUD.bundle in Resources */,
				ACE555DD1BFB4407009549D7 /* LaunchScreen.storyboard in Resources */,
				ACE555DA1BFB4407009549D7 /* Assets.xcassets in Resources */,
				ACE555D81BFB4407009549D7 /* Main.storyboard in Resources */,
			);
			runOnlyForDeploymentPostprocessing = 0;
		};
		ACE555E11BFB4407009549D7 /* Resources */ = {
			isa = PBXResourcesBuildPhase;
			buildActionMask = 2147483647;
			files = (
				ACE556991BFB4699009549D7 /* YHGoogleLoginViewController.xib in Resources */,
				ACE5568F1BFB4699009549D7 /* ProgressHUD.bundle in Resources */,
			);
			runOnlyForDeploymentPostprocessing = 0;
		};
		ACE555EC1BFB4407009549D7 /* Resources */ = {
			isa = PBXResourcesBuildPhase;
			buildActionMask = 2147483647;
			files = (
			);
			runOnlyForDeploymentPostprocessing = 0;
		};
/* End PBXResourcesBuildPhase section */

/* Begin PBXShellScriptBuildPhase section */
		8B876D9150FADBDC7F2B5512 /* Check Pods Manifest.lock */ = {
			isa = PBXShellScriptBuildPhase;
			buildActionMask = 2147483647;
			files = (
			);
			inputPaths = (
			);
			name = "Check Pods Manifest.lock";
			outputPaths = (
			);
			runOnlyForDeploymentPostprocessing = 0;
			shellPath = /bin/sh;
			shellScript = "diff \"${PODS_ROOT}/../Podfile.lock\" \"${PODS_ROOT}/Manifest.lock\" > /dev/null\nif [[ $? != 0 ]] ; then\n    cat << EOM\nerror: The sandbox is not in sync with the Podfile.lock. Run 'pod install' or update your CocoaPods installation.\nEOM\n    exit 1\nfi\n";
			showEnvVarsInLog = 0;
		};
		D73035015A45960711041E81 /* Embed Pods Frameworks */ = {
			isa = PBXShellScriptBuildPhase;
			buildActionMask = 2147483647;
			files = (
			);
			inputPaths = (
			);
			name = "Embed Pods Frameworks";
			outputPaths = (
			);
			runOnlyForDeploymentPostprocessing = 0;
			shellPath = /bin/sh;
			shellScript = "\"${SRCROOT}/Pods/Target Support Files/Pods/Pods-frameworks.sh\"\n";
			showEnvVarsInLog = 0;
		};
		EE36EA4EE024F28F7797A40E /* Copy Pods Resources */ = {
			isa = PBXShellScriptBuildPhase;
			buildActionMask = 2147483647;
			files = (
			);
			inputPaths = (
			);
			name = "Copy Pods Resources";
			outputPaths = (
			);
			runOnlyForDeploymentPostprocessing = 0;
			shellPath = /bin/sh;
			shellScript = "\"${SRCROOT}/Pods/Target Support Files/Pods/Pods-resources.sh\"\n";
			showEnvVarsInLog = 0;
		};
/* End PBXShellScriptBuildPhase section */

/* Begin PBXSourcesBuildPhase section */
		ACE555C61BFB4407009549D7 /* Sources */ = {
			isa = PBXSourcesBuildPhase;
			buildActionMask = 2147483647;
			files = (
				ACE556A61BFB4699009549D7 /* YHTools.m in Sources */,
				ACE556AE1BFB4699009549D7 /* YHViewController.m in Sources */,
				ACE5569A1BFB4699009549D7 /* YHGooglePlusActivity.m in Sources */,
				ACE556A01BFB4699009549D7 /* YHPushModel.m in Sources */,
				ACE556A81BFB4699009549D7 /* YHTwitterActivity.m in Sources */,
				ACE556A41BFB4699009549D7 /* YHTableViewCell.m in Sources */,
				ACE555D51BFB4407009549D7 /* ViewController.m in Sources */,
				ACE556941BFB4699009549D7 /* YHFacebookActivity.m in Sources */,
				ACE556961BFB4699009549D7 /* YHGoogleLoginViewController.m in Sources */,
				ACE556A21BFB4699009549D7 /* YHSnsModel.m in Sources */,
				ACED00271BFC20EE00D620AD /* EKRecentModel.m in Sources */,
				ACE556921BFB4699009549D7 /* YHCustomActivity.m in Sources */,
				ACE5569C1BFB4699009549D7 /* YHModel.m in Sources */,
				1E6E09961BFB91B80078153D /* FLKPhotos.m in Sources */,
				ACED00261BFC20EE00D620AD /* EKOriginImage.m in Sources */,
				ACE556AA1BFB4699009549D7 /* YHVariableObject.m in Sources */,
				ACE555D21BFB4407009549D7 /* AppDelegate.m in Sources */,
				ACE5569E1BFB4699009549D7 /* YHNetwork.m in Sources */,
				1E6E09971BFB91B80078153D /* FLKRecentPhotos.m in Sources */,
				ACE556901BFB4699009549D7 /* ProgressHUD.m in Sources */,
				ACED00281BFC20EE00D620AD /* EKThumbnailImage.m in Sources */,
				ACE555CF1BFB4407009549D7 /* main.m in Sources */,
				ACE556AC1BFB4699009549D7 /* YHView.m in Sources */,
				1E6E09951BFB91B80078153D /* FLKPhoto.m in Sources */,
			);
			runOnlyForDeploymentPostprocessing = 0;
		};
		ACE555DF1BFB4407009549D7 /* Sources */ = {
			isa = PBXSourcesBuildPhase;
			buildActionMask = 2147483647;
			files = (
				ACE556971BFB4699009549D7 /* YHGoogleLoginViewController.m in Sources */,
				ACE5569F1BFB4699009549D7 /* YHNetwork.m in Sources */,
				ACE556A71BFB4699009549D7 /* YHTools.m in Sources */,
				ACE556911BFB4699009549D7 /* ProgressHUD.m in Sources */,
				ACE556A31BFB4699009549D7 /* YHSnsModel.m in Sources */,
				ACE556A91BFB4699009549D7 /* YHTwitterActivity.m in Sources */,
				ACE555E81BFB4407009549D7 /* AsyncImageListTests.m in Sources */,
				ACE556AB1BFB4699009549D7 /* YHVariableObject.m in Sources */,
				ACE556A51BFB4699009549D7 /* YHTableViewCell.m in Sources */,
				ACE556931BFB4699009549D7 /* YHCustomActivity.m in Sources */,
				ACE5569B1BFB4699009549D7 /* YHGooglePlusActivity.m in Sources */,
				ACE5569D1BFB4699009549D7 /* YHModel.m in Sources */,
				ACE556951BFB4699009549D7 /* YHFacebookActivity.m in Sources */,
				ACE556AF1BFB4699009549D7 /* YHViewController.m in Sources */,
				ACE556A11BFB4699009549D7 /* YHPushModel.m in Sources */,
				ACE556AD1BFB4699009549D7 /* YHView.m in Sources */,
			);
			runOnlyForDeploymentPostprocessing = 0;
		};
		ACE555EA1BFB4407009549D7 /* Sources */ = {
			isa = PBXSourcesBuildPhase;
			buildActionMask = 2147483647;
			files = (
				ACE555F31BFB4407009549D7 /* AsyncImageListUITests.m in Sources */,
			);
			runOnlyForDeploymentPostprocessing = 0;
		};
/* End PBXSourcesBuildPhase section */

/* Begin PBXTargetDependency section */
		ACE555E51BFB4407009549D7 /* PBXTargetDependency */ = {
			isa = PBXTargetDependency;
			target = ACE555C91BFB4407009549D7 /* AsyncImageList */;
			targetProxy = ACE555E41BFB4407009549D7 /* PBXContainerItemProxy */;
		};
		ACE555F01BFB4407009549D7 /* PBXTargetDependency */ = {
			isa = PBXTargetDependency;
			target = ACE555C91BFB4407009549D7 /* AsyncImageList */;
			targetProxy = ACE555EF1BFB4407009549D7 /* PBXContainerItemProxy */;
		};
/* End PBXTargetDependency section */

/* Begin PBXVariantGroup section */
		ACE555D61BFB4407009549D7 /* Main.storyboard */ = {
			isa = PBXVariantGroup;
			children = (
				ACE555D71BFB4407009549D7 /* Base */,
			);
			name = Main.storyboard;
			sourceTree = "<group>";
		};
		ACE555DB1BFB4407009549D7 /* LaunchScreen.storyboard */ = {
			isa = PBXVariantGroup;
			children = (
				ACE555DC1BFB4407009549D7 /* Base */,
			);
			name = LaunchScreen.storyboard;
			sourceTree = "<group>";
		};
/* End PBXVariantGroup section */

/* Begin XCBuildConfiguration section */
		ACE555F51BFB4407009549D7 /* Debug */ = {
			isa = XCBuildConfiguration;
			buildSettings = {
				ALWAYS_SEARCH_USER_PATHS = NO;
				CLANG_CXX_LANGUAGE_STANDARD = "gnu++0x";
				CLANG_CXX_LIBRARY = "libc++";
				CLANG_ENABLE_MODULES = YES;
				CLANG_ENABLE_OBJC_ARC = YES;
				CLANG_WARN_BOOL_CONVERSION = YES;
				CLANG_WARN_CONSTANT_CONVERSION = YES;
				CLANG_WARN_DIRECT_OBJC_ISA_USAGE = YES_ERROR;
				CLANG_WARN_EMPTY_BODY = YES;
				CLANG_WARN_ENUM_CONVERSION = YES;
				CLANG_WARN_INT_CONVERSION = YES;
				CLANG_WARN_OBJC_ROOT_CLASS = YES_ERROR;
				CLANG_WARN_UNREACHABLE_CODE = YES;
				CLANG_WARN__DUPLICATE_METHOD_MATCH = YES;
				"CODE_SIGN_IDENTITY[sdk=iphoneos*]" = "iPhone Developer";
				COPY_PHASE_STRIP = NO;
				DEBUG_INFORMATION_FORMAT = dwarf;
				ENABLE_STRICT_OBJC_MSGSEND = YES;
				ENABLE_TESTABILITY = YES;
				GCC_C_LANGUAGE_STANDARD = gnu99;
				GCC_DYNAMIC_NO_PIC = NO;
				GCC_NO_COMMON_BLOCKS = YES;
				GCC_OPTIMIZATION_LEVEL = 0;
				GCC_PREPROCESSOR_DEFINITIONS = (
					"DEBUG=1",
					"$(inherited)",
				);
				GCC_WARN_64_TO_32_BIT_CONVERSION = YES;
				GCC_WARN_ABOUT_RETURN_TYPE = YES_ERROR;
				GCC_WARN_UNDECLARED_SELECTOR = YES;
				GCC_WARN_UNINITIALIZED_AUTOS = YES_AGGRESSIVE;
				GCC_WARN_UNUSED_FUNCTION = YES;
				GCC_WARN_UNUSED_VARIABLE = YES;
				IPHONEOS_DEPLOYMENT_TARGET = 9.1;
				MTL_ENABLE_DEBUG_INFO = YES;
				ONLY_ACTIVE_ARCH = YES;
				SDKROOT = iphoneos;
			};
			name = Debug;
		};
		ACE555F61BFB4407009549D7 /* Release */ = {
			isa = XCBuildConfiguration;
			buildSettings = {
				ALWAYS_SEARCH_USER_PATHS = NO;
				CLANG_CXX_LANGUAGE_STANDARD = "gnu++0x";
				CLANG_CXX_LIBRARY = "libc++";
				CLANG_ENABLE_MODULES = YES;
				CLANG_ENABLE_OBJC_ARC = YES;
				CLANG_WARN_BOOL_CONVERSION = YES;
				CLANG_WARN_CONSTANT_CONVERSION = YES;
				CLANG_WARN_DIRECT_OBJC_ISA_USAGE = YES_ERROR;
				CLANG_WARN_EMPTY_BODY = YES;
				CLANG_WARN_ENUM_CONVERSION = YES;
				CLANG_WARN_INT_CONVERSION = YES;
				CLANG_WARN_OBJC_ROOT_CLASS = YES_ERROR;
				CLANG_WARN_UNREACHABLE_CODE = YES;
				CLANG_WARN__DUPLICATE_METHOD_MATCH = YES;
				"CODE_SIGN_IDENTITY[sdk=iphoneos*]" = "iPhone Developer";
				COPY_PHASE_STRIP = NO;
				DEBUG_INFORMATION_FORMAT = "dwarf-with-dsym";
				ENABLE_NS_ASSERTIONS = NO;
				ENABLE_STRICT_OBJC_MSGSEND = YES;
				GCC_C_LANGUAGE_STANDARD = gnu99;
				GCC_NO_COMMON_BLOCKS = YES;
				GCC_WARN_64_TO_32_BIT_CONVERSION = YES;
				GCC_WARN_ABOUT_RETURN_TYPE = YES_ERROR;
				GCC_WARN_UNDECLARED_SELECTOR = YES;
				GCC_WARN_UNINITIALIZED_AUTOS = YES_AGGRESSIVE;
				GCC_WARN_UNUSED_FUNCTION = YES;
				GCC_WARN_UNUSED_VARIABLE = YES;
				IPHONEOS_DEPLOYMENT_TARGET = 9.1;
				MTL_ENABLE_DEBUG_INFO = NO;
				SDKROOT = iphoneos;
				VALIDATE_PRODUCT = YES;
			};
			name = Release;
		};
		ACE555F81BFB4407009549D7 /* Debug */ = {
			isa = XCBuildConfiguration;
			baseConfigurationReference = D4993BBDFCA468910DA7347D /* Pods.debug.xcconfig */;
			buildSettings = {
				ASSETCATALOG_COMPILER_APPICON_NAME = AppIcon;
				ENABLE_BITCODE = NO;
				GCC_PREFIX_HEADER = AsyncImageList/PrefixHeader.pch;
				INFOPLIST_FILE = AsyncImageList/Info.plist;
				IPHONEOS_DEPLOYMENT_TARGET = 7.1;
				LD_RUNPATH_SEARCH_PATHS = "$(inherited) @executable_path/Frameworks";
				PRODUCT_BUNDLE_IDENTIFIER = com.smtown.AsyncImageList;
				PRODUCT_NAME = "$(TARGET_NAME)";
			};
			name = Debug;
		};
		ACE555F91BFB4407009549D7 /* Release */ = {
			isa = XCBuildConfiguration;
			baseConfigurationReference = EDCF53445D398A6030564F40 /* Pods.release.xcconfig */;
			buildSettings = {
				ASSETCATALOG_COMPILER_APPICON_NAME = AppIcon;
				ENABLE_BITCODE = NO;
				GCC_PREFIX_HEADER = AsyncImageList/PrefixHeader.pch;
				INFOPLIST_FILE = AsyncImageList/Info.plist;
				IPHONEOS_DEPLOYMENT_TARGET = 7.1;
				LD_RUNPATH_SEARCH_PATHS = "$(inherited) @executable_path/Frameworks";
				PRODUCT_BUNDLE_IDENTIFIER = com.smtown.AsyncImageList;
				PRODUCT_NAME = "$(TARGET_NAME)";
			};
			name = Release;
		};
		ACE555FB1BFB4407009549D7 /* Debug */ = {
			isa = XCBuildConfiguration;
			buildSettings = {
				BUNDLE_LOADER = "$(TEST_HOST)";
				INFOPLIST_FILE = AsyncImageListTests/Info.plist;
				LD_RUNPATH_SEARCH_PATHS = "$(inherited) @executable_path/Frameworks @loader_path/Frameworks";
				PRODUCT_BUNDLE_IDENTIFIER = com.smtown.AsyncImageListTests;
				PRODUCT_NAME = "$(TARGET_NAME)";
				TEST_HOST = "$(BUILT_PRODUCTS_DIR)/AsyncImageList.app/AsyncImageList";
			};
			name = Debug;
		};
		ACE555FC1BFB4407009549D7 /* Release */ = {
			isa = XCBuildConfiguration;
			buildSettings = {
				BUNDLE_LOADER = "$(TEST_HOST)";
				INFOPLIST_FILE = AsyncImageListTests/Info.plist;
				LD_RUNPATH_SEARCH_PATHS = "$(inherited) @executable_path/Frameworks @loader_path/Frameworks";
				PRODUCT_BUNDLE_IDENTIFIER = com.smtown.AsyncImageListTests;
				PRODUCT_NAME = "$(TARGET_NAME)";
				TEST_HOST = "$(BUILT_PRODUCTS_DIR)/AsyncImageList.app/AsyncImageList";
			};
			name = Release;
		};
		ACE555FE1BFB4407009549D7 /* Debug */ = {
			isa = XCBuildConfiguration;
			buildSettings = {
				INFOPLIST_FILE = AsyncImageListUITests/Info.plist;
				LD_RUNPATH_SEARCH_PATHS = "$(inherited) @executable_path/Frameworks @loader_path/Frameworks";
				PRODUCT_BUNDLE_IDENTIFIER = com.smtown.AsyncImageListUITests;
				PRODUCT_NAME = "$(TARGET_NAME)";
				TEST_TARGET_NAME = AsyncImageList;
				USES_XCTRUNNER = YES;
			};
			name = Debug;
		};
		ACE555FF1BFB4407009549D7 /* Release */ = {
			isa = XCBuildConfiguration;
			buildSettings = {
				INFOPLIST_FILE = AsyncImageListUITests/Info.plist;
				LD_RUNPATH_SEARCH_PATHS = "$(inherited) @executable_path/Frameworks @loader_path/Frameworks";
				PRODUCT_BUNDLE_IDENTIFIER = com.smtown.AsyncImageListUITests;
				PRODUCT_NAME = "$(TARGET_NAME)";
				TEST_TARGET_NAME = AsyncImageList;
				USES_XCTRUNNER = YES;
			};
			name = Release;
		};
/* End XCBuildConfiguration section */

/* Begin XCConfigurationList section */
		ACE555C51BFB4407009549D7 /* Build configuration list for PBXProject "AsyncImageList" */ = {
			isa = XCConfigurationList;
			buildConfigurations = (
				ACE555F51BFB4407009549D7 /* Debug */,
				ACE555F61BFB4407009549D7 /* Release */,
			);
			defaultConfigurationIsVisible = 0;
			defaultConfigurationName = Release;
		};
		ACE555F71BFB4407009549D7 /* Build configuration list for PBXNativeTarget "AsyncImageList" */ = {
			isa = XCConfigurationList;
			buildConfigurations = (
				ACE555F81BFB4407009549D7 /* Debug */,
				ACE555F91BFB4407009549D7 /* Release */,
			);
			defaultConfigurationIsVisible = 0;
			defaultConfigurationName = Release;
		};
		ACE555FA1BFB4407009549D7 /* Build configuration list for PBXNativeTarget "AsyncImageListTests" */ = {
			isa = XCConfigurationList;
			buildConfigurations = (
				ACE555FB1BFB4407009549D7 /* Debug */,
				ACE555FC1BFB4407009549D7 /* Release */,
			);
			defaultConfigurationIsVisible = 0;
			defaultConfigurationName = Release;
		};
		ACE555FD1BFB4407009549D7 /* Build configuration list for PBXNativeTarget "AsyncImageListUITests" */ = {
			isa = XCConfigurationList;
			buildConfigurations = (
				ACE555FE1BFB4407009549D7 /* Debug */,
				ACE555FF1BFB4407009549D7 /* Release */,
			);
			defaultConfigurationIsVisible = 0;
			defaultConfigurationName = Release;
		};
/* End XCConfigurationList section */
	};
	rootObject = ACE555C21BFB4407009549D7 /* Project object */;
}
